
Microsoft Visual Studio Solution File, Format Version 12.00
# Visual Studio Version 17
VisualStudioVersion = 17.1.31903.286
MinimumVisualStudioVersion = 10.0.40219.1
Project("{9A19103F-16F7-4668-BE54-9A1E7A4F7556}") = "Api.UnitTests", "test\Api.UnitTests\Api.UnitTests.csproj", "{CE8059EA-4799-4E38-999D-BE7D599FAD04}"
EndProject
Project("{9A19103F-16F7-4668-BE54-9A1E7A4F7556}") = "Application.UnitTests", "test\Application.UnitTests\Application.UnitTests.csproj", "{9D41BEF4-4EA3-459B-B4F4-F826BA058B1D}"
EndProject
Project("{2150E333-8FDC-42A3-9474-1A3956D46DE8}") = "test", "test", "{382B70F6-DD40-4B18-8D04-9D8813C7501E}"
EndProject
Project("{2150E333-8FDC-42A3-9474-1A3956D46DE8}") = "Solution Items", "Solution Items", "{BB91D65B-985A-462E-9085-B8C32599AD08}"
	ProjectSection(SolutionItems) = preProject
		.dockerignore = .dockerignore
		.env.dev.example = .env.dev.example
		.env.prod.example = .env.prod.example
		.gitignore = .gitignore
	EndProjectSection
EndProject
Project("{E53339B2-1760-4266-BCC7-CA923CBCF16C}") = "docker-compose", "docker-compose.dcproj", "{A1987576-C974-4672-AA1E-868237023E5F}"
EndProject
Project("{2150E333-8FDC-42A3-9474-1A3956D46DE8}") = "src", "src", "{48B5CF7D-25A9-46B3-90DE-EF67BB8636F9}"
EndProject
Project("{2150E333-8FDC-42A3-9474-1A3956D46DE8}") = "targets", "targets", "{118E3C9C-4BC3-46D3-B904-18C9784BA246}"
	ProjectSection(SolutionItems) = preProject
		PersonalAssistant.Cs.targets = PersonalAssistant.Cs.targets
		PersonalAssistant.Fs.targets = PersonalAssistant.Fs.targets
		PersonalAssistant.targets = PersonalAssistant.targets
	EndProjectSection
EndProject
Project("{2150E333-8FDC-42A3-9474-1A3956D46DE8}") = "Accountant", "Accountant", "{E4B0C0D5-66EC-4EB3-A49B-D78C21DDD3B1}"
EndProject
Project("{2150E333-8FDC-42A3-9474-1A3956D46DE8}") = "ToDoAssistant", "ToDoAssistant", "{DA41083B-8396-4101-86D7-A5531C4C8C19}"
EndProject
Project("{2150E333-8FDC-42A3-9474-1A3956D46DE8}") = "Chef", "Chef", "{8893323C-AF75-4C83-95A5-E50EDAE011C4}"
EndProject
Project("{2150E333-8FDC-42A3-9474-1A3956D46DE8}") = "Weatherman", "Weatherman", "{10726412-16C3-4B3D-907D-B43558757665}"
EndProject
Project("{2150E333-8FDC-42A3-9474-1A3956D46DE8}") = "Trainer", "Trainer", "{FB661F17-3ED9-4787-B461-A04B575BEB2C}"
EndProject
Project("{2150E333-8FDC-42A3-9474-1A3956D46DE8}") = "Core", "Core", "{16FB8F6A-DBBB-4406-99A9-95B21707B327}"
EndProject
Project("{6EC3EE1D-3C4E-46DD-8F32-0CC8E7565705}") = "Accountant.Api", "src\Accountant\Accountant.Api\Accountant.Api.fsproj", "{A839E277-D0AA-475A-8F06-C560F6F435A8}"
EndProject
Project("{6EC3EE1D-3C4E-46DD-8F32-0CC8E7565705}") = "Accountant.Persistence", "src\Accountant\Accountant.Persistence\Accountant.Persistence.fsproj", "{ADA48B11-156F-4DBD-A6A2-9192AF492559}"
EndProject
Project("{9A19103F-16F7-4668-BE54-9A1E7A4F7556}") = "Chef.Api", "src\Chef\Chef.Api\Chef.Api.csproj", "{57C7DC9C-8A02-45D1-A22D-A10519301664}"
EndProject
Project("{9A19103F-16F7-4668-BE54-9A1E7A4F7556}") = "Chef.Application", "src\Chef\Chef.Application\Chef.Application.csproj", "{6EA111AD-2E5A-4C20-A7C2-BBE7303936A2}"
EndProject
Project("{9A19103F-16F7-4668-BE54-9A1E7A4F7556}") = "Chef.Persistence", "src\Chef\Chef.Persistence\Chef.Persistence.csproj", "{28A9BB3F-723A-462C-9CB3-42A0D48137C7}"
EndProject
Project("{6EC3EE1D-3C4E-46DD-8F32-0CC8E7565705}") = "Chef.Utility", "src\Chef\Chef.Utility\Chef.Utility.fsproj", "{28A90B40-109B-4BF2-A4EA-EB85562E66B1}"
EndProject
Project("{9A19103F-16F7-4668-BE54-9A1E7A4F7556}") = "PersonalAssistant.Web", "src\Core\PersonalAssistant.Web\PersonalAssistant.Web.csproj", "{2823E76B-377E-4355-B96D-086099CA84F2}"
EndProject
Project("{9A19103F-16F7-4668-BE54-9A1E7A4F7556}") = "Api.Common", "src\Core\Api.Common\Api.Common.csproj", "{2C5B5D4D-D546-4E03-B35F-74ECF789CA8E}"
EndProject
Project("{6EC3EE1D-3C4E-46DD-8F32-0CC8E7565705}") = "Api.Common.Fs", "src\Core\Api.Common.Fs\Api.Common.Fs.fsproj", "{624D2FA4-EB80-4451-A854-A2A89607E7F2}"
EndProject
Project("{9A19103F-16F7-4668-BE54-9A1E7A4F7556}") = "Cdn", "src\Core\Cdn\Cdn.csproj", "{7943C9E5-681C-4878-AE9D-16D677CFC82E}"
EndProject
Project("{9A19103F-16F7-4668-BE54-9A1E7A4F7556}") = "Core.Api", "src\Core\Core.Api\Core.Api.csproj", "{1549A0BD-783D-4372-90F5-3A5AE5710C7D}"
EndProject
Project("{9A19103F-16F7-4668-BE54-9A1E7A4F7556}") = "Core.Application", "src\Core\Core.Application\Core.Application.csproj", "{0B744026-4786-431B-8E84-CC2A671BE331}"
EndProject
Project("{9A19103F-16F7-4668-BE54-9A1E7A4F7556}") = "Core.Infrastructure", "src\Core\Core.Infrastructure\Core.Infrastructure.csproj", "{92FAE75D-CF46-45C5-866E-3A84CB73069C}"
EndProject
Project("{9A19103F-16F7-4668-BE54-9A1E7A4F7556}") = "Core.Persistence", "src\Core\Core.Persistence\Core.Persistence.csproj", "{738900E1-E07D-4BD7-9B1F-61B0CB8BB638}"
EndProject
Project("{9A19103F-16F7-4668-BE54-9A1E7A4F7556}") = "Gateway", "src\Core\Gateway\Gateway.csproj", "{318619D5-163C-42DF-AB25-BC69B4211431}"
EndProject
Project("{9A19103F-16F7-4668-BE54-9A1E7A4F7556}") = "Jobs", "src\Core\Jobs\Jobs.csproj", "{00DE0EB5-1E5C-4076-B150-1A9267164A8B}"
EndProject
Project("{9A19103F-16F7-4668-BE54-9A1E7A4F7556}") = "Sender", "src\Core\Sender\Sender.csproj", "{09012473-EFA6-4B0B-8885-6248563B9B6B}"
EndProject
Project("{9A19103F-16F7-4668-BE54-9A1E7A4F7556}") = "ToDoAssistant.Api", "src\ToDoAssistant\ToDoAssistant.Api\ToDoAssistant.Api.csproj", "{FCF988D6-B83C-4F3B-B790-1D78A36E71E7}"
EndProject
Project("{9A19103F-16F7-4668-BE54-9A1E7A4F7556}") = "ToDoAssistant.Application", "src\ToDoAssistant\ToDoAssistant.Application\ToDoAssistant.Application.csproj", "{AAFEF79E-5F2F-49AB-8701-ACB60B6E69D2}"
EndProject
Project("{9A19103F-16F7-4668-BE54-9A1E7A4F7556}") = "ToDoAssistant.Persistence", "src\ToDoAssistant\ToDoAssistant.Persistence\ToDoAssistant.Persistence.csproj", "{B7FA5C33-1E2F-4386-80A4-7FC6517218DA}"
EndProject
Project("{6EC3EE1D-3C4E-46DD-8F32-0CC8E7565705}") = "Trainer.Api", "src\Trainer\Trainer.Api\Trainer.Api.fsproj", "{23AE91FE-3110-406B-BFFA-8950BD7B55CD}"
EndProject
Project("{6EC3EE1D-3C4E-46DD-8F32-0CC8E7565705}") = "Weatherman.Api", "src\Weatherman\Weatherman.Api\Weatherman.Api.fsproj", "{D04255F9-A7A9-4AD0-8B82-D149E45538E7}"
EndProject
Project("{9A19103F-16F7-4668-BE54-9A1E7A4F7556}") = "Weatherman.Application", "src\Weatherman\Weatherman.Application\Weatherman.Application.csproj", "{7D49D3E3-3947-4AE1-8339-AAA3AD363C47}"
EndProject
Project("{9A19103F-16F7-4668-BE54-9A1E7A4F7556}") = "Weatherman.Infrastructure", "src\Weatherman\Weatherman.Infrastructure\Weatherman.Infrastructure.csproj", "{482C3D00-1B02-4C2D-966C-4C4CCD2F5DDE}"
EndProject
Project("{9A19103F-16F7-4668-BE54-9A1E7A4F7556}") = "Weatherman.Persistence", "src\Weatherman\Weatherman.Persistence\Weatherman.Persistence.csproj", "{12D4332C-9D5A-4BDE-B7A2-0C6C1D78DCD8}"
EndProject
Project("{2150E333-8FDC-42A3-9474-1A3956D46DE8}") = "docs", "docs", "{8031945C-A0F5-429F-A2A4-0CDC44C70AD6}"
	ProjectSection(SolutionItems) = preProject
		docs\applications.md = docs\applications.md
		docs\architecture.md = docs\architecture.md
	EndProjectSection
EndProject
Project("{2150E333-8FDC-42A3-9474-1A3956D46DE8}") = "pipelines", "pipelines", "{9F224D0C-1D08-4743-AF9A-82A064EB495C}"
	ProjectSection(SolutionItems) = preProject
		.github\workflows\cd_accountant.yml = .github\workflows\cd_accountant.yml
		.github\workflows\cd_chef.yml = .github\workflows\cd_chef.yml
		.github\workflows\cd_core.yml = .github\workflows\cd_core.yml
		.github\workflows\cd_gateway.yml = .github\workflows\cd_gateway.yml
		.github\workflows\cd_personalassistant.yml = .github\workflows\cd_personalassistant.yml
		.github\workflows\cd_sender.yml = .github\workflows\cd_sender.yml
		.github\workflows\cd_todo.yml = .github\workflows\cd_todo.yml
		.github\workflows\cd_weatherman.yml = .github\workflows\cd_weatherman.yml
		.github\workflows\ci_dev.yml = .github\workflows\ci_dev.yml
		.github\workflows\test.yml = .github\workflows\test.yml
	EndProjectSection
EndProject
Global
	GlobalSection(SolutionConfigurationPlatforms) = preSolution
		Debug|Any CPU = Debug|Any CPU
		Release|Any CPU = Release|Any CPU
	EndGlobalSection
	GlobalSection(ProjectConfigurationPlatforms) = postSolution
		{CE8059EA-4799-4E38-999D-BE7D599FAD04}.Debug|Any CPU.ActiveCfg = Debug|Any CPU
		{CE8059EA-4799-4E38-999D-BE7D599FAD04}.Debug|Any CPU.Build.0 = Debug|Any CPU
		{CE8059EA-4799-4E38-999D-BE7D599FAD04}.Release|Any CPU.ActiveCfg = Release|Any CPU
		{CE8059EA-4799-4E38-999D-BE7D599FAD04}.Release|Any CPU.Build.0 = Release|Any CPU
		{9D41BEF4-4EA3-459B-B4F4-F826BA058B1D}.Debug|Any CPU.ActiveCfg = Debug|Any CPU
		{9D41BEF4-4EA3-459B-B4F4-F826BA058B1D}.Debug|Any CPU.Build.0 = Debug|Any CPU
		{9D41BEF4-4EA3-459B-B4F4-F826BA058B1D}.Release|Any CPU.ActiveCfg = Release|Any CPU
		{9D41BEF4-4EA3-459B-B4F4-F826BA058B1D}.Release|Any CPU.Build.0 = Release|Any CPU
		{A1987576-C974-4672-AA1E-868237023E5F}.Debug|Any CPU.ActiveCfg = Debug|Any CPU
		{A1987576-C974-4672-AA1E-868237023E5F}.Debug|Any CPU.Build.0 = Debug|Any CPU
		{A1987576-C974-4672-AA1E-868237023E5F}.Release|Any CPU.ActiveCfg = Release|Any CPU
		{A1987576-C974-4672-AA1E-868237023E5F}.Release|Any CPU.Build.0 = Release|Any CPU
		{A839E277-D0AA-475A-8F06-C560F6F435A8}.Debug|Any CPU.ActiveCfg = Debug|Any CPU
		{A839E277-D0AA-475A-8F06-C560F6F435A8}.Debug|Any CPU.Build.0 = Debug|Any CPU
		{A839E277-D0AA-475A-8F06-C560F6F435A8}.Release|Any CPU.ActiveCfg = Release|Any CPU
		{A839E277-D0AA-475A-8F06-C560F6F435A8}.Release|Any CPU.Build.0 = Release|Any CPU
		{ADA48B11-156F-4DBD-A6A2-9192AF492559}.Debug|Any CPU.ActiveCfg = Debug|Any CPU
		{ADA48B11-156F-4DBD-A6A2-9192AF492559}.Debug|Any CPU.Build.0 = Debug|Any CPU
		{ADA48B11-156F-4DBD-A6A2-9192AF492559}.Release|Any CPU.ActiveCfg = Release|Any CPU
		{ADA48B11-156F-4DBD-A6A2-9192AF492559}.Release|Any CPU.Build.0 = Release|Any CPU
		{57C7DC9C-8A02-45D1-A22D-A10519301664}.Debug|Any CPU.ActiveCfg = Debug|Any CPU
		{57C7DC9C-8A02-45D1-A22D-A10519301664}.Debug|Any CPU.Build.0 = Debug|Any CPU
		{57C7DC9C-8A02-45D1-A22D-A10519301664}.Release|Any CPU.ActiveCfg = Release|Any CPU
		{57C7DC9C-8A02-45D1-A22D-A10519301664}.Release|Any CPU.Build.0 = Release|Any CPU
		{6EA111AD-2E5A-4C20-A7C2-BBE7303936A2}.Debug|Any CPU.ActiveCfg = Debug|Any CPU
		{6EA111AD-2E5A-4C20-A7C2-BBE7303936A2}.Debug|Any CPU.Build.0 = Debug|Any CPU
		{6EA111AD-2E5A-4C20-A7C2-BBE7303936A2}.Release|Any CPU.ActiveCfg = Release|Any CPU
		{6EA111AD-2E5A-4C20-A7C2-BBE7303936A2}.Release|Any CPU.Build.0 = Release|Any CPU
		{28A9BB3F-723A-462C-9CB3-42A0D48137C7}.Debug|Any CPU.ActiveCfg = Debug|Any CPU
		{28A9BB3F-723A-462C-9CB3-42A0D48137C7}.Debug|Any CPU.Build.0 = Debug|Any CPU
		{28A9BB3F-723A-462C-9CB3-42A0D48137C7}.Release|Any CPU.ActiveCfg = Release|Any CPU
		{28A9BB3F-723A-462C-9CB3-42A0D48137C7}.Release|Any CPU.Build.0 = Release|Any CPU
		{28A90B40-109B-4BF2-A4EA-EB85562E66B1}.Debug|Any CPU.ActiveCfg = Debug|Any CPU
		{28A90B40-109B-4BF2-A4EA-EB85562E66B1}.Debug|Any CPU.Build.0 = Debug|Any CPU
		{28A90B40-109B-4BF2-A4EA-EB85562E66B1}.Release|Any CPU.ActiveCfg = Release|Any CPU
		{28A90B40-109B-4BF2-A4EA-EB85562E66B1}.Release|Any CPU.Build.0 = Release|Any CPU
		{2823E76B-377E-4355-B96D-086099CA84F2}.Debug|Any CPU.ActiveCfg = Debug|Any CPU
		{2823E76B-377E-4355-B96D-086099CA84F2}.Debug|Any CPU.Build.0 = Debug|Any CPU
		{2823E76B-377E-4355-B96D-086099CA84F2}.Release|Any CPU.ActiveCfg = Release|Any CPU
		{2823E76B-377E-4355-B96D-086099CA84F2}.Release|Any CPU.Build.0 = Release|Any CPU
		{2C5B5D4D-D546-4E03-B35F-74ECF789CA8E}.Debug|Any CPU.ActiveCfg = Debug|Any CPU
		{2C5B5D4D-D546-4E03-B35F-74ECF789CA8E}.Debug|Any CPU.Build.0 = Debug|Any CPU
		{2C5B5D4D-D546-4E03-B35F-74ECF789CA8E}.Release|Any CPU.ActiveCfg = Release|Any CPU
		{2C5B5D4D-D546-4E03-B35F-74ECF789CA8E}.Release|Any CPU.Build.0 = Release|Any CPU
		{624D2FA4-EB80-4451-A854-A2A89607E7F2}.Debug|Any CPU.ActiveCfg = Debug|Any CPU
		{624D2FA4-EB80-4451-A854-A2A89607E7F2}.Debug|Any CPU.Build.0 = Debug|Any CPU
		{624D2FA4-EB80-4451-A854-A2A89607E7F2}.Release|Any CPU.ActiveCfg = Release|Any CPU
		{624D2FA4-EB80-4451-A854-A2A89607E7F2}.Release|Any CPU.Build.0 = Release|Any CPU
		{7943C9E5-681C-4878-AE9D-16D677CFC82E}.Debug|Any CPU.ActiveCfg = Debug|Any CPU
		{7943C9E5-681C-4878-AE9D-16D677CFC82E}.Debug|Any CPU.Build.0 = Debug|Any CPU
		{7943C9E5-681C-4878-AE9D-16D677CFC82E}.Release|Any CPU.ActiveCfg = Release|Any CPU
		{7943C9E5-681C-4878-AE9D-16D677CFC82E}.Release|Any CPU.Build.0 = Release|Any CPU
		{1549A0BD-783D-4372-90F5-3A5AE5710C7D}.Debug|Any CPU.ActiveCfg = Debug|Any CPU
		{1549A0BD-783D-4372-90F5-3A5AE5710C7D}.Debug|Any CPU.Build.0 = Debug|Any CPU
		{1549A0BD-783D-4372-90F5-3A5AE5710C7D}.Release|Any CPU.ActiveCfg = Release|Any CPU
		{1549A0BD-783D-4372-90F5-3A5AE5710C7D}.Release|Any CPU.Build.0 = Release|Any CPU
		{0B744026-4786-431B-8E84-CC2A671BE331}.Debug|Any CPU.ActiveCfg = Debug|Any CPU
		{0B744026-4786-431B-8E84-CC2A671BE331}.Debug|Any CPU.Build.0 = Debug|Any CPU
		{0B744026-4786-431B-8E84-CC2A671BE331}.Release|Any CPU.ActiveCfg = Release|Any CPU
		{0B744026-4786-431B-8E84-CC2A671BE331}.Release|Any CPU.Build.0 = Release|Any CPU
		{92FAE75D-CF46-45C5-866E-3A84CB73069C}.Debug|Any CPU.ActiveCfg = Debug|Any CPU
		{92FAE75D-CF46-45C5-866E-3A84CB73069C}.Debug|Any CPU.Build.0 = Debug|Any CPU
		{92FAE75D-CF46-45C5-866E-3A84CB73069C}.Release|Any CPU.ActiveCfg = Release|Any CPU
		{92FAE75D-CF46-45C5-866E-3A84CB73069C}.Release|Any CPU.Build.0 = Release|Any CPU
		{738900E1-E07D-4BD7-9B1F-61B0CB8BB638}.Debug|Any CPU.ActiveCfg = Debug|Any CPU
		{738900E1-E07D-4BD7-9B1F-61B0CB8BB638}.Debug|Any CPU.Build.0 = Debug|Any CPU
		{738900E1-E07D-4BD7-9B1F-61B0CB8BB638}.Release|Any CPU.ActiveCfg = Release|Any CPU
		{738900E1-E07D-4BD7-9B1F-61B0CB8BB638}.Release|Any CPU.Build.0 = Release|Any CPU
		{318619D5-163C-42DF-AB25-BC69B4211431}.Debug|Any CPU.ActiveCfg = Debug|Any CPU
		{318619D5-163C-42DF-AB25-BC69B4211431}.Debug|Any CPU.Build.0 = Debug|Any CPU
		{318619D5-163C-42DF-AB25-BC69B4211431}.Release|Any CPU.ActiveCfg = Release|Any CPU
		{318619D5-163C-42DF-AB25-BC69B4211431}.Release|Any CPU.Build.0 = Release|Any CPU
		{00DE0EB5-1E5C-4076-B150-1A9267164A8B}.Debug|Any CPU.ActiveCfg = Debug|Any CPU
		{00DE0EB5-1E5C-4076-B150-1A9267164A8B}.Debug|Any CPU.Build.0 = Debug|Any CPU
		{00DE0EB5-1E5C-4076-B150-1A9267164A8B}.Release|Any CPU.ActiveCfg = Release|Any CPU
		{00DE0EB5-1E5C-4076-B150-1A9267164A8B}.Release|Any CPU.Build.0 = Release|Any CPU
		{09012473-EFA6-4B0B-8885-6248563B9B6B}.Debug|Any CPU.ActiveCfg = Debug|Any CPU
		{09012473-EFA6-4B0B-8885-6248563B9B6B}.Debug|Any CPU.Build.0 = Debug|Any CPU
		{09012473-EFA6-4B0B-8885-6248563B9B6B}.Release|Any CPU.ActiveCfg = Release|Any CPU
		{09012473-EFA6-4B0B-8885-6248563B9B6B}.Release|Any CPU.Build.0 = Release|Any CPU
		{FCF988D6-B83C-4F3B-B790-1D78A36E71E7}.Debug|Any CPU.ActiveCfg = Debug|Any CPU
		{FCF988D6-B83C-4F3B-B790-1D78A36E71E7}.Debug|Any CPU.Build.0 = Debug|Any CPU
		{FCF988D6-B83C-4F3B-B790-1D78A36E71E7}.Release|Any CPU.ActiveCfg = Release|Any CPU
		{FCF988D6-B83C-4F3B-B790-1D78A36E71E7}.Release|Any CPU.Build.0 = Release|Any CPU
		{AAFEF79E-5F2F-49AB-8701-ACB60B6E69D2}.Debug|Any CPU.ActiveCfg = Debug|Any CPU
		{AAFEF79E-5F2F-49AB-8701-ACB60B6E69D2}.Debug|Any CPU.Build.0 = Debug|Any CPU
		{AAFEF79E-5F2F-49AB-8701-ACB60B6E69D2}.Release|Any CPU.ActiveCfg = Release|Any CPU
		{AAFEF79E-5F2F-49AB-8701-ACB60B6E69D2}.Release|Any CPU.Build.0 = Release|Any CPU
		{B7FA5C33-1E2F-4386-80A4-7FC6517218DA}.Debug|Any CPU.ActiveCfg = Debug|Any CPU
		{B7FA5C33-1E2F-4386-80A4-7FC6517218DA}.Debug|Any CPU.Build.0 = Debug|Any CPU
		{B7FA5C33-1E2F-4386-80A4-7FC6517218DA}.Release|Any CPU.ActiveCfg = Release|Any CPU
		{B7FA5C33-1E2F-4386-80A4-7FC6517218DA}.Release|Any CPU.Build.0 = Release|Any CPU
		{23AE91FE-3110-406B-BFFA-8950BD7B55CD}.Debug|Any CPU.ActiveCfg = Debug|Any CPU
		{23AE91FE-3110-406B-BFFA-8950BD7B55CD}.Debug|Any CPU.Build.0 = Debug|Any CPU
		{23AE91FE-3110-406B-BFFA-8950BD7B55CD}.Release|Any CPU.ActiveCfg = Release|Any CPU
		{23AE91FE-3110-406B-BFFA-8950BD7B55CD}.Release|Any CPU.Build.0 = Release|Any CPU
		{D04255F9-A7A9-4AD0-8B82-D149E45538E7}.Debug|Any CPU.ActiveCfg = Debug|Any CPU
		{D04255F9-A7A9-4AD0-8B82-D149E45538E7}.Debug|Any CPU.Build.0 = Debug|Any CPU
		{D04255F9-A7A9-4AD0-8B82-D149E45538E7}.Release|Any CPU.ActiveCfg = Release|Any CPU
		{D04255F9-A7A9-4AD0-8B82-D149E45538E7}.Release|Any CPU.Build.0 = Release|Any CPU
		{7D49D3E3-3947-4AE1-8339-AAA3AD363C47}.Debug|Any CPU.ActiveCfg = Debug|Any CPU
		{7D49D3E3-3947-4AE1-8339-AAA3AD363C47}.Debug|Any CPU.Build.0 = Debug|Any CPU
		{7D49D3E3-3947-4AE1-8339-AAA3AD363C47}.Release|Any CPU.ActiveCfg = Release|Any CPU
		{7D49D3E3-3947-4AE1-8339-AAA3AD363C47}.Release|Any CPU.Build.0 = Release|Any CPU
		{482C3D00-1B02-4C2D-966C-4C4CCD2F5DDE}.Debug|Any CPU.ActiveCfg = Debug|Any CPU
		{482C3D00-1B02-4C2D-966C-4C4CCD2F5DDE}.Debug|Any CPU.Build.0 = Debug|Any CPU
		{482C3D00-1B02-4C2D-966C-4C4CCD2F5DDE}.Release|Any CPU.ActiveCfg = Release|Any CPU
		{482C3D00-1B02-4C2D-966C-4C4CCD2F5DDE}.Release|Any CPU.Build.0 = Release|Any CPU
		{12D4332C-9D5A-4BDE-B7A2-0C6C1D78DCD8}.Debug|Any CPU.ActiveCfg = Debug|Any CPU
		{12D4332C-9D5A-4BDE-B7A2-0C6C1D78DCD8}.Debug|Any CPU.Build.0 = Debug|Any CPU
		{12D4332C-9D5A-4BDE-B7A2-0C6C1D78DCD8}.Release|Any CPU.ActiveCfg = Release|Any CPU
		{12D4332C-9D5A-4BDE-B7A2-0C6C1D78DCD8}.Release|Any CPU.Build.0 = Release|Any CPU
	EndGlobalSection
	GlobalSection(SolutionProperties) = preSolution
		HideSolutionNode = FALSE
	EndGlobalSection
	GlobalSection(NestedProjects) = preSolution
		{CE8059EA-4799-4E38-999D-BE7D599FAD04} = {382B70F6-DD40-4B18-8D04-9D8813C7501E}
		{9D41BEF4-4EA3-459B-B4F4-F826BA058B1D} = {382B70F6-DD40-4B18-8D04-9D8813C7501E}
		{118E3C9C-4BC3-46D3-B904-18C9784BA246} = {BB91D65B-985A-462E-9085-B8C32599AD08}
		{E4B0C0D5-66EC-4EB3-A49B-D78C21DDD3B1} = {48B5CF7D-25A9-46B3-90DE-EF67BB8636F9}
		{DA41083B-8396-4101-86D7-A5531C4C8C19} = {48B5CF7D-25A9-46B3-90DE-EF67BB8636F9}
		{8893323C-AF75-4C83-95A5-E50EDAE011C4} = {48B5CF7D-25A9-46B3-90DE-EF67BB8636F9}
		{10726412-16C3-4B3D-907D-B43558757665} = {48B5CF7D-25A9-46B3-90DE-EF67BB8636F9}
		{FB661F17-3ED9-4787-B461-A04B575BEB2C} = {48B5CF7D-25A9-46B3-90DE-EF67BB8636F9}
		{16FB8F6A-DBBB-4406-99A9-95B21707B327} = {48B5CF7D-25A9-46B3-90DE-EF67BB8636F9}
		{A839E277-D0AA-475A-8F06-C560F6F435A8} = {E4B0C0D5-66EC-4EB3-A49B-D78C21DDD3B1}
		{ADA48B11-156F-4DBD-A6A2-9192AF492559} = {E4B0C0D5-66EC-4EB3-A49B-D78C21DDD3B1}
		{57C7DC9C-8A02-45D1-A22D-A10519301664} = {8893323C-AF75-4C83-95A5-E50EDAE011C4}
		{6EA111AD-2E5A-4C20-A7C2-BBE7303936A2} = {8893323C-AF75-4C83-95A5-E50EDAE011C4}
		{28A9BB3F-723A-462C-9CB3-42A0D48137C7} = {8893323C-AF75-4C83-95A5-E50EDAE011C4}
		{28A90B40-109B-4BF2-A4EA-EB85562E66B1} = {8893323C-AF75-4C83-95A5-E50EDAE011C4}
		{2823E76B-377E-4355-B96D-086099CA84F2} = {16FB8F6A-DBBB-4406-99A9-95B21707B327}
		{2C5B5D4D-D546-4E03-B35F-74ECF789CA8E} = {16FB8F6A-DBBB-4406-99A9-95B21707B327}
		{624D2FA4-EB80-4451-A854-A2A89607E7F2} = {16FB8F6A-DBBB-4406-99A9-95B21707B327}
		{7943C9E5-681C-4878-AE9D-16D677CFC82E} = {16FB8F6A-DBBB-4406-99A9-95B21707B327}
		{1549A0BD-783D-4372-90F5-3A5AE5710C7D} = {16FB8F6A-DBBB-4406-99A9-95B21707B327}
		{0B744026-4786-431B-8E84-CC2A671BE331} = {16FB8F6A-DBBB-4406-99A9-95B21707B327}
		{92FAE75D-CF46-45C5-866E-3A84CB73069C} = {16FB8F6A-DBBB-4406-99A9-95B21707B327}
		{738900E1-E07D-4BD7-9B1F-61B0CB8BB638} = {16FB8F6A-DBBB-4406-99A9-95B21707B327}
		{318619D5-163C-42DF-AB25-BC69B4211431} = {16FB8F6A-DBBB-4406-99A9-95B21707B327}
		{00DE0EB5-1E5C-4076-B150-1A9267164A8B} = {16FB8F6A-DBBB-4406-99A9-95B21707B327}
		{09012473-EFA6-4B0B-8885-6248563B9B6B} = {16FB8F6A-DBBB-4406-99A9-95B21707B327}
		{FCF988D6-B83C-4F3B-B790-1D78A36E71E7} = {DA41083B-8396-4101-86D7-A5531C4C8C19}
		{AAFEF79E-5F2F-49AB-8701-ACB60B6E69D2} = {DA41083B-8396-4101-86D7-A5531C4C8C19}
		{B7FA5C33-1E2F-4386-80A4-7FC6517218DA} = {DA41083B-8396-4101-86D7-A5531C4C8C19}
		{23AE91FE-3110-406B-BFFA-8950BD7B55CD} = {FB661F17-3ED9-4787-B461-A04B575BEB2C}
		{D04255F9-A7A9-4AD0-8B82-D149E45538E7} = {10726412-16C3-4B3D-907D-B43558757665}
		{7D49D3E3-3947-4AE1-8339-AAA3AD363C47} = {10726412-16C3-4B3D-907D-B43558757665}
		{482C3D00-1B02-4C2D-966C-4C4CCD2F5DDE} = {10726412-16C3-4B3D-907D-B43558757665}
		{12D4332C-9D5A-4BDE-B7A2-0C6C1D78DCD8} = {10726412-16C3-4B3D-907D-B43558757665}
		{8031945C-A0F5-429F-A2A4-0CDC44C70AD6} = {BB91D65B-985A-462E-9085-B8C32599AD08}
		{9F224D0C-1D08-4743-AF9A-82A064EB495C} = {BB91D65B-985A-462E-9085-B8C32599AD08}
	EndGlobalSection
	GlobalSection(ExtensibilityGlobals) = postSolution
		SolutionGuid = {1296A1BD-7B9D-40F2-9873-972EB471C47D}
	EndGlobalSection
EndGlobal
