
Microsoft Visual Studio Solution File, Format Version 12.00
# Visual Studio Version 17
VisualStudioVersion = 17.1.31903.286
MinimumVisualStudioVersion = 10.0.40219.1
Project("{9A19103F-16F7-4668-BE54-9A1E7A4F7556}") = "CookingAssistant.Api", "src\Web\CookingAssistant.Api\CookingAssistant.Api.csproj", "{AE2034B1-3EA8-4E83-941F-44A8B75E2B02}"
EndProject
Project("{6EC3EE1D-3C4E-46DD-8F32-0CC8E7565705}") = "ClientLogger", "src\Web\ClientLogger\ClientLogger.fsproj", "{9814A06E-212A-4DE4-B893-212EAD9F1850}"
EndProject
Project("{9A19103F-16F7-4668-BE54-9A1E7A4F7556}") = "Persistence", "src\Infrastructure\Persistence\Persistence.csproj", "{CE0CCF73-58A9-4CB0-AA35-3B8866EE9A9B}"
EndProject
Project("{9A19103F-16F7-4668-BE54-9A1E7A4F7556}") = "Core.Application", "src\Application\Core.Application\Core.Application.csproj", "{0460E980-3C25-4D97-A11F-03DE87434BB0}"
EndProject
Project("{9A19103F-16F7-4668-BE54-9A1E7A4F7556}") = "Api.UnitTests", "test\Api.UnitTests\Api.UnitTests.csproj", "{CE8059EA-4799-4E38-999D-BE7D599FAD04}"
EndProject
Project("{9A19103F-16F7-4668-BE54-9A1E7A4F7556}") = "Application.UnitTests", "test\Application.UnitTests\Application.UnitTests.csproj", "{9D41BEF4-4EA3-459B-B4F4-F826BA058B1D}"
EndProject
Project("{9A19103F-16F7-4668-BE54-9A1E7A4F7556}") = "Jobs", "src\Background\Jobs\Jobs.csproj", "{ACDE4E64-CEB1-4BD1-B894-9987EFA0F935}"
EndProject
Project("{9A19103F-16F7-4668-BE54-9A1E7A4F7556}") = "Sender", "src\Background\Sender\Sender.csproj", "{B1D9FE08-DFFB-4F8B-9102-013139B77E7D}"
EndProject
Project("{2150E333-8FDC-42A3-9474-1A3956D46DE8}") = "test", "test", "{382B70F6-DD40-4B18-8D04-9D8813C7501E}"
EndProject
Project("{9A19103F-16F7-4668-BE54-9A1E7A4F7556}") = "Domain", "src\Application\Domain\Domain.csproj", "{A50F7C88-8397-41E2-BE82-D5F49F8F039D}"
EndProject
Project("{9A19103F-16F7-4668-BE54-9A1E7A4F7556}") = "Core.Infrastructure", "src\Infrastructure\Core.Infrastructure\Core.Infrastructure.csproj", "{94B9AA32-4784-409B-B5C8-34C0FE45E19C}"
EndProject
Project("{6EC3EE1D-3C4E-46DD-8F32-0CC8E7565705}") = "Utility", "src\Application\Utility\Utility.fsproj", "{CEE41C39-726C-45DB-9B9E-7786D25981C4}"
EndProject
Project("{2150E333-8FDC-42A3-9474-1A3956D46DE8}") = "Solution Items", "Solution Items", "{BB91D65B-985A-462E-9085-B8C32599AD08}"
	ProjectSection(SolutionItems) = preProject
		.dockerignore = .dockerignore
		.env.dev.example = .env.dev.example
		.env.prod.example = .env.prod.example
		.gitignore = .gitignore
		.github\workflows\cd_account.yml = .github\workflows\cd_account.yml
		.github\workflows\cd_accountant.yml = .github\workflows\cd_accountant.yml
		.github\workflows\cd_clientlogger.yml = .github\workflows\cd_clientlogger.yml
		.github\workflows\cd_cooking.yml = .github\workflows\cd_cooking.yml
		.github\workflows\cd_core.yml = .github\workflows\cd_core.yml
		.github\workflows\cd_gateway.yml = .github\workflows\cd_gateway.yml
		.github\workflows\cd_sender.yml = .github\workflows\cd_sender.yml
		.github\workflows\cd_todo.yml = .github\workflows\cd_todo.yml
		.github\workflows\cd_weatherman.yml = .github\workflows\cd_weatherman.yml
		.github\workflows\ci_dev.yml = .github\workflows\ci_dev.yml
		.github\workflows\test.yml = .github\workflows\test.yml
	EndProjectSection
EndProject
Project("{E53339B2-1760-4266-BCC7-CA923CBCF16C}") = "docker-compose", "docker-compose.dcproj", "{A1987576-C974-4672-AA1E-868237023E5F}"
EndProject
Project("{9A19103F-16F7-4668-BE54-9A1E7A4F7556}") = "Account", "src\Web\Account\Account.csproj", "{A4BF0452-9390-4D34-B55F-3F017C09E63F}"
EndProject
Project("{9A19103F-16F7-4668-BE54-9A1E7A4F7556}") = "Weatherman.Application", "src\Application\Weatherman.Application\Weatherman.Application.csproj", "{A4D5D167-810A-45A1-8A99-B5DE98AAA366}"
EndProject
Project("{9A19103F-16F7-4668-BE54-9A1E7A4F7556}") = "Weatherman.Persistence", "src\Infrastructure\Weatherman.Persistence\Weatherman.Persistence.csproj", "{CE2C9A81-C79E-40E3-99EC-D4A3FEE201BA}"
EndProject
Project("{9A19103F-16F7-4668-BE54-9A1E7A4F7556}") = "ToDoAssistant.Application", "src\Application\ToDoAssistant.Application\ToDoAssistant.Application.csproj", "{F443B4AC-87C6-482C-9D90-D4BEB8FAEDA9}"
EndProject
Project("{9A19103F-16F7-4668-BE54-9A1E7A4F7556}") = "ToDoAssistant.Persistence", "src\Infrastructure\ToDoAssistant.Persistence\ToDoAssistant.Persistence.csproj", "{C1E690FE-86AF-4E74-9B08-3DEEC2FAD40F}"
EndProject
Project("{9A19103F-16F7-4668-BE54-9A1E7A4F7556}") = "Accountant.Application", "src\Application\Accountant.Application\Accountant.Application.csproj", "{BBF2DA8B-F795-4BBF-94E6-DF686063AD94}"
EndProject
Project("{9A19103F-16F7-4668-BE54-9A1E7A4F7556}") = "Accountant.Persistence", "src\Infrastructure\Accountant.Persistence\Accountant.Persistence.csproj", "{29406F1B-B924-4E40-B3BE-0114E23AD0D4}"
EndProject
Project("{9A19103F-16F7-4668-BE54-9A1E7A4F7556}") = "CookingAssistant.Application", "src\Application\CookingAssistant.Application\CookingAssistant.Application.csproj", "{F426968B-697D-4BBB-AFAE-F17BCA5D4163}"
EndProject
Project("{9A19103F-16F7-4668-BE54-9A1E7A4F7556}") = "CookingAssistant.Persistence", "src\Infrastructure\CookingAssistant.Persistence\CookingAssistant.Persistence.csproj", "{AAC86B4D-8C5E-42CC-A09E-8640AC5F4E85}"
EndProject
Project("{9A19103F-16F7-4668-BE54-9A1E7A4F7556}") = "Gateway", "src\Web\Gateway\Gateway.csproj", "{125EBFA6-3397-4A8A-8616-C7E753147152}"
EndProject
Project("{9A19103F-16F7-4668-BE54-9A1E7A4F7556}") = "Weatherman.Infrastructure", "src\Infrastructure\Weatherman.Infrastructure\Weatherman.Infrastructure.csproj", "{40D19BA3-8007-4B4E-ACF6-49A38BA4BCA7}"
EndProject
Project("{9A19103F-16F7-4668-BE54-9A1E7A4F7556}") = "Core.Api", "src\Web\Core.Api\Core.Api.csproj", "{62429A2D-BABF-4F2C-B7DF-8FE51FDEC589}"
EndProject
Project("{9A19103F-16F7-4668-BE54-9A1E7A4F7556}") = "ToDoAssistant.Api", "src\Web\ToDoAssistant.Api\ToDoAssistant.Api.csproj", "{3FDC9889-1B57-430D-8CA0-367F782989C6}"
EndProject
Project("{6EC3EE1D-3C4E-46DD-8F32-0CC8E7565705}") = "Accountant.Api", "src\Web\Accountant.Api\Accountant.Api.fsproj", "{740E9C22-F0F3-4424-8674-D2AFC8093860}"
EndProject
Project("{6EC3EE1D-3C4E-46DD-8F32-0CC8E7565705}") = "Weatherman.Api", "src\Web\Weatherman.Api\Weatherman.Api.fsproj", "{F599B2C5-CDA9-493D-8EF0-0721EB4602E4}"
EndProject
Project("{6EC3EE1D-3C4E-46DD-8F32-0CC8E7565705}") = "Accountant.Application.Fs", "src\Application\Accountant.Application.Fs\Accountant.Application.Fs.fsproj", "{3B8B57DA-763B-4A13-9394-0C7100A66338}"
EndProject
Project("{6EC3EE1D-3C4E-46DD-8F32-0CC8E7565705}") = "Api.Common", "src\Web\Api.Common\Api.Common.fsproj", "{1A479D65-90F9-4C19-8B0D-64D81D444BD8}"
EndProject
Project("{6EC3EE1D-3C4E-46DD-8F32-0CC8E7565705}") = "Trainer.Api", "src\Web\Trainer.Api\Trainer.Api.fsproj", "{1390E57F-BE1E-4EBA-97AD-C8DC12C45A0A}"
EndProject
Project("{9A19103F-16F7-4668-BE54-9A1E7A4F7556}") = "Cdn", "src\Infrastructure\Cdn\Cdn.csproj", "{A95EDC14-B48F-4EB4-80D6-99A256A5ACA9}"
EndProject
Project("{2150E333-8FDC-42A3-9474-1A3956D46DE8}") = "Web", "Web", "{572BEB9A-56A3-40D3-9D9E-84F9410A9316}"
EndProject
Project("{2150E333-8FDC-42A3-9474-1A3956D46DE8}") = "Background", "Background", "{59A326E7-CEEA-402B-A95B-DD18E52E9CC9}"
EndProject
Project("{2150E333-8FDC-42A3-9474-1A3956D46DE8}") = "Infrastructure", "Infrastructure", "{C277C7F8-AAE5-4002-8C0D-BB31436438FD}"
EndProject
Project("{2150E333-8FDC-42A3-9474-1A3956D46DE8}") = "Application", "Application", "{D256B05C-51A4-43EE-BC76-59A0E21E00EF}"
EndProject
Project("{2150E333-8FDC-42A3-9474-1A3956D46DE8}") = "src", "src", "{48B5CF7D-25A9-46B3-90DE-EF67BB8636F9}"
EndProject
Project("{FAE04EC0-301F-11D3-BF4B-00C04F79EFBC}") = "Sender", "src\Infrastructure\Sender\Sender.csproj", "{C58752DA-E892-4ADD-8D10-A8D4877CA5B6}"
EndProject
Global
	GlobalSection(SolutionConfigurationPlatforms) = preSolution
		Debug|Any CPU = Debug|Any CPU
		Release|Any CPU = Release|Any CPU
	EndGlobalSection
	GlobalSection(ProjectConfigurationPlatforms) = postSolution
		{AE2034B1-3EA8-4E83-941F-44A8B75E2B02}.Debug|Any CPU.ActiveCfg = Debug|Any CPU
		{AE2034B1-3EA8-4E83-941F-44A8B75E2B02}.Debug|Any CPU.Build.0 = Debug|Any CPU
		{AE2034B1-3EA8-4E83-941F-44A8B75E2B02}.Release|Any CPU.ActiveCfg = Release|Any CPU
		{AE2034B1-3EA8-4E83-941F-44A8B75E2B02}.Release|Any CPU.Build.0 = Release|Any CPU
		{9814A06E-212A-4DE4-B893-212EAD9F1850}.Debug|Any CPU.ActiveCfg = Debug|Any CPU
		{9814A06E-212A-4DE4-B893-212EAD9F1850}.Debug|Any CPU.Build.0 = Debug|Any CPU
		{9814A06E-212A-4DE4-B893-212EAD9F1850}.Release|Any CPU.ActiveCfg = Release|Any CPU
		{9814A06E-212A-4DE4-B893-212EAD9F1850}.Release|Any CPU.Build.0 = Release|Any CPU
		{CE0CCF73-58A9-4CB0-AA35-3B8866EE9A9B}.Debug|Any CPU.ActiveCfg = Debug|Any CPU
		{CE0CCF73-58A9-4CB0-AA35-3B8866EE9A9B}.Debug|Any CPU.Build.0 = Debug|Any CPU
		{CE0CCF73-58A9-4CB0-AA35-3B8866EE9A9B}.Release|Any CPU.ActiveCfg = Release|Any CPU
		{CE0CCF73-58A9-4CB0-AA35-3B8866EE9A9B}.Release|Any CPU.Build.0 = Release|Any CPU
		{0460E980-3C25-4D97-A11F-03DE87434BB0}.Debug|Any CPU.ActiveCfg = Debug|Any CPU
		{0460E980-3C25-4D97-A11F-03DE87434BB0}.Debug|Any CPU.Build.0 = Debug|Any CPU
		{0460E980-3C25-4D97-A11F-03DE87434BB0}.Release|Any CPU.ActiveCfg = Release|Any CPU
		{0460E980-3C25-4D97-A11F-03DE87434BB0}.Release|Any CPU.Build.0 = Release|Any CPU
		{CE8059EA-4799-4E38-999D-BE7D599FAD04}.Debug|Any CPU.ActiveCfg = Debug|Any CPU
		{CE8059EA-4799-4E38-999D-BE7D599FAD04}.Debug|Any CPU.Build.0 = Debug|Any CPU
		{CE8059EA-4799-4E38-999D-BE7D599FAD04}.Release|Any CPU.ActiveCfg = Release|Any CPU
		{CE8059EA-4799-4E38-999D-BE7D599FAD04}.Release|Any CPU.Build.0 = Release|Any CPU
		{9D41BEF4-4EA3-459B-B4F4-F826BA058B1D}.Debug|Any CPU.ActiveCfg = Debug|Any CPU
		{9D41BEF4-4EA3-459B-B4F4-F826BA058B1D}.Debug|Any CPU.Build.0 = Debug|Any CPU
		{9D41BEF4-4EA3-459B-B4F4-F826BA058B1D}.Release|Any CPU.ActiveCfg = Release|Any CPU
		{9D41BEF4-4EA3-459B-B4F4-F826BA058B1D}.Release|Any CPU.Build.0 = Release|Any CPU
		{ACDE4E64-CEB1-4BD1-B894-9987EFA0F935}.Debug|Any CPU.ActiveCfg = Debug|Any CPU
		{ACDE4E64-CEB1-4BD1-B894-9987EFA0F935}.Debug|Any CPU.Build.0 = Debug|Any CPU
		{ACDE4E64-CEB1-4BD1-B894-9987EFA0F935}.Release|Any CPU.ActiveCfg = Release|Any CPU
		{ACDE4E64-CEB1-4BD1-B894-9987EFA0F935}.Release|Any CPU.Build.0 = Release|Any CPU
		{B1D9FE08-DFFB-4F8B-9102-013139B77E7D}.Debug|Any CPU.ActiveCfg = Debug|Any CPU
		{B1D9FE08-DFFB-4F8B-9102-013139B77E7D}.Debug|Any CPU.Build.0 = Debug|Any CPU
		{B1D9FE08-DFFB-4F8B-9102-013139B77E7D}.Release|Any CPU.ActiveCfg = Release|Any CPU
		{B1D9FE08-DFFB-4F8B-9102-013139B77E7D}.Release|Any CPU.Build.0 = Release|Any CPU
		{A50F7C88-8397-41E2-BE82-D5F49F8F039D}.Debug|Any CPU.ActiveCfg = Debug|Any CPU
		{A50F7C88-8397-41E2-BE82-D5F49F8F039D}.Debug|Any CPU.Build.0 = Debug|Any CPU
		{A50F7C88-8397-41E2-BE82-D5F49F8F039D}.Release|Any CPU.ActiveCfg = Release|Any CPU
		{A50F7C88-8397-41E2-BE82-D5F49F8F039D}.Release|Any CPU.Build.0 = Release|Any CPU
		{94B9AA32-4784-409B-B5C8-34C0FE45E19C}.Debug|Any CPU.ActiveCfg = Debug|Any CPU
		{94B9AA32-4784-409B-B5C8-34C0FE45E19C}.Debug|Any CPU.Build.0 = Debug|Any CPU
		{94B9AA32-4784-409B-B5C8-34C0FE45E19C}.Release|Any CPU.ActiveCfg = Release|Any CPU
		{94B9AA32-4784-409B-B5C8-34C0FE45E19C}.Release|Any CPU.Build.0 = Release|Any CPU
		{CEE41C39-726C-45DB-9B9E-7786D25981C4}.Debug|Any CPU.ActiveCfg = Debug|Any CPU
		{CEE41C39-726C-45DB-9B9E-7786D25981C4}.Debug|Any CPU.Build.0 = Debug|Any CPU
		{CEE41C39-726C-45DB-9B9E-7786D25981C4}.Release|Any CPU.ActiveCfg = Release|Any CPU
		{CEE41C39-726C-45DB-9B9E-7786D25981C4}.Release|Any CPU.Build.0 = Release|Any CPU
		{A1987576-C974-4672-AA1E-868237023E5F}.Debug|Any CPU.ActiveCfg = Debug|Any CPU
		{A1987576-C974-4672-AA1E-868237023E5F}.Debug|Any CPU.Build.0 = Debug|Any CPU
		{A1987576-C974-4672-AA1E-868237023E5F}.Release|Any CPU.ActiveCfg = Release|Any CPU
		{A1987576-C974-4672-AA1E-868237023E5F}.Release|Any CPU.Build.0 = Release|Any CPU
		{A4BF0452-9390-4D34-B55F-3F017C09E63F}.Debug|Any CPU.ActiveCfg = Debug|Any CPU
		{A4BF0452-9390-4D34-B55F-3F017C09E63F}.Debug|Any CPU.Build.0 = Debug|Any CPU
		{A4BF0452-9390-4D34-B55F-3F017C09E63F}.Release|Any CPU.ActiveCfg = Release|Any CPU
		{A4BF0452-9390-4D34-B55F-3F017C09E63F}.Release|Any CPU.Build.0 = Release|Any CPU
		{A4D5D167-810A-45A1-8A99-B5DE98AAA366}.Debug|Any CPU.ActiveCfg = Debug|Any CPU
		{A4D5D167-810A-45A1-8A99-B5DE98AAA366}.Debug|Any CPU.Build.0 = Debug|Any CPU
		{A4D5D167-810A-45A1-8A99-B5DE98AAA366}.Release|Any CPU.ActiveCfg = Release|Any CPU
		{A4D5D167-810A-45A1-8A99-B5DE98AAA366}.Release|Any CPU.Build.0 = Release|Any CPU
		{CE2C9A81-C79E-40E3-99EC-D4A3FEE201BA}.Debug|Any CPU.ActiveCfg = Debug|Any CPU
		{CE2C9A81-C79E-40E3-99EC-D4A3FEE201BA}.Debug|Any CPU.Build.0 = Debug|Any CPU
		{CE2C9A81-C79E-40E3-99EC-D4A3FEE201BA}.Release|Any CPU.ActiveCfg = Release|Any CPU
		{CE2C9A81-C79E-40E3-99EC-D4A3FEE201BA}.Release|Any CPU.Build.0 = Release|Any CPU
		{F443B4AC-87C6-482C-9D90-D4BEB8FAEDA9}.Debug|Any CPU.ActiveCfg = Debug|Any CPU
		{F443B4AC-87C6-482C-9D90-D4BEB8FAEDA9}.Debug|Any CPU.Build.0 = Debug|Any CPU
		{F443B4AC-87C6-482C-9D90-D4BEB8FAEDA9}.Release|Any CPU.ActiveCfg = Release|Any CPU
		{F443B4AC-87C6-482C-9D90-D4BEB8FAEDA9}.Release|Any CPU.Build.0 = Release|Any CPU
		{C1E690FE-86AF-4E74-9B08-3DEEC2FAD40F}.Debug|Any CPU.ActiveCfg = Debug|Any CPU
		{C1E690FE-86AF-4E74-9B08-3DEEC2FAD40F}.Debug|Any CPU.Build.0 = Debug|Any CPU
		{C1E690FE-86AF-4E74-9B08-3DEEC2FAD40F}.Release|Any CPU.ActiveCfg = Release|Any CPU
		{C1E690FE-86AF-4E74-9B08-3DEEC2FAD40F}.Release|Any CPU.Build.0 = Release|Any CPU
		{BBF2DA8B-F795-4BBF-94E6-DF686063AD94}.Debug|Any CPU.ActiveCfg = Debug|Any CPU
		{BBF2DA8B-F795-4BBF-94E6-DF686063AD94}.Debug|Any CPU.Build.0 = Debug|Any CPU
		{BBF2DA8B-F795-4BBF-94E6-DF686063AD94}.Release|Any CPU.ActiveCfg = Release|Any CPU
		{BBF2DA8B-F795-4BBF-94E6-DF686063AD94}.Release|Any CPU.Build.0 = Release|Any CPU
		{29406F1B-B924-4E40-B3BE-0114E23AD0D4}.Debug|Any CPU.ActiveCfg = Debug|Any CPU
		{29406F1B-B924-4E40-B3BE-0114E23AD0D4}.Debug|Any CPU.Build.0 = Debug|Any CPU
		{29406F1B-B924-4E40-B3BE-0114E23AD0D4}.Release|Any CPU.ActiveCfg = Release|Any CPU
		{29406F1B-B924-4E40-B3BE-0114E23AD0D4}.Release|Any CPU.Build.0 = Release|Any CPU
		{F426968B-697D-4BBB-AFAE-F17BCA5D4163}.Debug|Any CPU.ActiveCfg = Debug|Any CPU
		{F426968B-697D-4BBB-AFAE-F17BCA5D4163}.Debug|Any CPU.Build.0 = Debug|Any CPU
		{F426968B-697D-4BBB-AFAE-F17BCA5D4163}.Release|Any CPU.ActiveCfg = Release|Any CPU
		{F426968B-697D-4BBB-AFAE-F17BCA5D4163}.Release|Any CPU.Build.0 = Release|Any CPU
		{AAC86B4D-8C5E-42CC-A09E-8640AC5F4E85}.Debug|Any CPU.ActiveCfg = Debug|Any CPU
		{AAC86B4D-8C5E-42CC-A09E-8640AC5F4E85}.Debug|Any CPU.Build.0 = Debug|Any CPU
		{AAC86B4D-8C5E-42CC-A09E-8640AC5F4E85}.Release|Any CPU.ActiveCfg = Release|Any CPU
		{AAC86B4D-8C5E-42CC-A09E-8640AC5F4E85}.Release|Any CPU.Build.0 = Release|Any CPU
		{125EBFA6-3397-4A8A-8616-C7E753147152}.Debug|Any CPU.ActiveCfg = Debug|Any CPU
		{125EBFA6-3397-4A8A-8616-C7E753147152}.Debug|Any CPU.Build.0 = Debug|Any CPU
		{125EBFA6-3397-4A8A-8616-C7E753147152}.Release|Any CPU.ActiveCfg = Release|Any CPU
		{125EBFA6-3397-4A8A-8616-C7E753147152}.Release|Any CPU.Build.0 = Release|Any CPU
		{40D19BA3-8007-4B4E-ACF6-49A38BA4BCA7}.Debug|Any CPU.ActiveCfg = Debug|Any CPU
		{40D19BA3-8007-4B4E-ACF6-49A38BA4BCA7}.Debug|Any CPU.Build.0 = Debug|Any CPU
		{40D19BA3-8007-4B4E-ACF6-49A38BA4BCA7}.Release|Any CPU.ActiveCfg = Release|Any CPU
		{40D19BA3-8007-4B4E-ACF6-49A38BA4BCA7}.Release|Any CPU.Build.0 = Release|Any CPU
		{62429A2D-BABF-4F2C-B7DF-8FE51FDEC589}.Debug|Any CPU.ActiveCfg = Debug|Any CPU
		{62429A2D-BABF-4F2C-B7DF-8FE51FDEC589}.Debug|Any CPU.Build.0 = Debug|Any CPU
		{62429A2D-BABF-4F2C-B7DF-8FE51FDEC589}.Release|Any CPU.ActiveCfg = Release|Any CPU
		{62429A2D-BABF-4F2C-B7DF-8FE51FDEC589}.Release|Any CPU.Build.0 = Release|Any CPU
		{3FDC9889-1B57-430D-8CA0-367F782989C6}.Debug|Any CPU.ActiveCfg = Debug|Any CPU
		{3FDC9889-1B57-430D-8CA0-367F782989C6}.Debug|Any CPU.Build.0 = Debug|Any CPU
		{3FDC9889-1B57-430D-8CA0-367F782989C6}.Release|Any CPU.ActiveCfg = Release|Any CPU
		{3FDC9889-1B57-430D-8CA0-367F782989C6}.Release|Any CPU.Build.0 = Release|Any CPU
		{740E9C22-F0F3-4424-8674-D2AFC8093860}.Debug|Any CPU.ActiveCfg = Debug|Any CPU
		{740E9C22-F0F3-4424-8674-D2AFC8093860}.Debug|Any CPU.Build.0 = Debug|Any CPU
		{740E9C22-F0F3-4424-8674-D2AFC8093860}.Release|Any CPU.ActiveCfg = Release|Any CPU
		{740E9C22-F0F3-4424-8674-D2AFC8093860}.Release|Any CPU.Build.0 = Release|Any CPU
		{F599B2C5-CDA9-493D-8EF0-0721EB4602E4}.Debug|Any CPU.ActiveCfg = Debug|Any CPU
		{F599B2C5-CDA9-493D-8EF0-0721EB4602E4}.Debug|Any CPU.Build.0 = Debug|Any CPU
		{F599B2C5-CDA9-493D-8EF0-0721EB4602E4}.Release|Any CPU.ActiveCfg = Release|Any CPU
		{F599B2C5-CDA9-493D-8EF0-0721EB4602E4}.Release|Any CPU.Build.0 = Release|Any CPU
		{3B8B57DA-763B-4A13-9394-0C7100A66338}.Debug|Any CPU.ActiveCfg = Debug|Any CPU
		{3B8B57DA-763B-4A13-9394-0C7100A66338}.Debug|Any CPU.Build.0 = Debug|Any CPU
		{3B8B57DA-763B-4A13-9394-0C7100A66338}.Release|Any CPU.ActiveCfg = Release|Any CPU
		{3B8B57DA-763B-4A13-9394-0C7100A66338}.Release|Any CPU.Build.0 = Release|Any CPU
		{1A479D65-90F9-4C19-8B0D-64D81D444BD8}.Debug|Any CPU.ActiveCfg = Debug|Any CPU
		{1A479D65-90F9-4C19-8B0D-64D81D444BD8}.Debug|Any CPU.Build.0 = Debug|Any CPU
		{1A479D65-90F9-4C19-8B0D-64D81D444BD8}.Release|Any CPU.ActiveCfg = Release|Any CPU
		{1A479D65-90F9-4C19-8B0D-64D81D444BD8}.Release|Any CPU.Build.0 = Release|Any CPU
		{1390E57F-BE1E-4EBA-97AD-C8DC12C45A0A}.Debug|Any CPU.ActiveCfg = Debug|Any CPU
		{1390E57F-BE1E-4EBA-97AD-C8DC12C45A0A}.Debug|Any CPU.Build.0 = Debug|Any CPU
		{1390E57F-BE1E-4EBA-97AD-C8DC12C45A0A}.Release|Any CPU.ActiveCfg = Release|Any CPU
		{1390E57F-BE1E-4EBA-97AD-C8DC12C45A0A}.Release|Any CPU.Build.0 = Release|Any CPU
		{A95EDC14-B48F-4EB4-80D6-99A256A5ACA9}.Debug|Any CPU.ActiveCfg = Debug|Any CPU
		{A95EDC14-B48F-4EB4-80D6-99A256A5ACA9}.Debug|Any CPU.Build.0 = Debug|Any CPU
		{A95EDC14-B48F-4EB4-80D6-99A256A5ACA9}.Release|Any CPU.ActiveCfg = Release|Any CPU
		{A95EDC14-B48F-4EB4-80D6-99A256A5ACA9}.Release|Any CPU.Build.0 = Release|Any CPU
		{C58752DA-E892-4ADD-8D10-A8D4877CA5B6}.Debug|Any CPU.ActiveCfg = Debug|Any CPU
		{C58752DA-E892-4ADD-8D10-A8D4877CA5B6}.Debug|Any CPU.Build.0 = Debug|Any CPU
		{C58752DA-E892-4ADD-8D10-A8D4877CA5B6}.Release|Any CPU.ActiveCfg = Release|Any CPU
		{C58752DA-E892-4ADD-8D10-A8D4877CA5B6}.Release|Any CPU.Build.0 = Release|Any CPU
	EndGlobalSection
	GlobalSection(SolutionProperties) = preSolution
		HideSolutionNode = FALSE
	EndGlobalSection
	GlobalSection(NestedProjects) = preSolution
		{AE2034B1-3EA8-4E83-941F-44A8B75E2B02} = {572BEB9A-56A3-40D3-9D9E-84F9410A9316}
		{9814A06E-212A-4DE4-B893-212EAD9F1850} = {572BEB9A-56A3-40D3-9D9E-84F9410A9316}
		{CE0CCF73-58A9-4CB0-AA35-3B8866EE9A9B} = {C277C7F8-AAE5-4002-8C0D-BB31436438FD}
		{0460E980-3C25-4D97-A11F-03DE87434BB0} = {D256B05C-51A4-43EE-BC76-59A0E21E00EF}
		{CE8059EA-4799-4E38-999D-BE7D599FAD04} = {382B70F6-DD40-4B18-8D04-9D8813C7501E}
		{9D41BEF4-4EA3-459B-B4F4-F826BA058B1D} = {382B70F6-DD40-4B18-8D04-9D8813C7501E}
		{ACDE4E64-CEB1-4BD1-B894-9987EFA0F935} = {59A326E7-CEEA-402B-A95B-DD18E52E9CC9}
		{B1D9FE08-DFFB-4F8B-9102-013139B77E7D} = {59A326E7-CEEA-402B-A95B-DD18E52E9CC9}
		{A50F7C88-8397-41E2-BE82-D5F49F8F039D} = {D256B05C-51A4-43EE-BC76-59A0E21E00EF}
		{94B9AA32-4784-409B-B5C8-34C0FE45E19C} = {C277C7F8-AAE5-4002-8C0D-BB31436438FD}
		{CEE41C39-726C-45DB-9B9E-7786D25981C4} = {D256B05C-51A4-43EE-BC76-59A0E21E00EF}
		{A4BF0452-9390-4D34-B55F-3F017C09E63F} = {572BEB9A-56A3-40D3-9D9E-84F9410A9316}
		{A4D5D167-810A-45A1-8A99-B5DE98AAA366} = {D256B05C-51A4-43EE-BC76-59A0E21E00EF}
		{CE2C9A81-C79E-40E3-99EC-D4A3FEE201BA} = {C277C7F8-AAE5-4002-8C0D-BB31436438FD}
		{F443B4AC-87C6-482C-9D90-D4BEB8FAEDA9} = {D256B05C-51A4-43EE-BC76-59A0E21E00EF}
		{C1E690FE-86AF-4E74-9B08-3DEEC2FAD40F} = {C277C7F8-AAE5-4002-8C0D-BB31436438FD}
		{BBF2DA8B-F795-4BBF-94E6-DF686063AD94} = {D256B05C-51A4-43EE-BC76-59A0E21E00EF}
		{29406F1B-B924-4E40-B3BE-0114E23AD0D4} = {C277C7F8-AAE5-4002-8C0D-BB31436438FD}
		{F426968B-697D-4BBB-AFAE-F17BCA5D4163} = {D256B05C-51A4-43EE-BC76-59A0E21E00EF}
		{AAC86B4D-8C5E-42CC-A09E-8640AC5F4E85} = {C277C7F8-AAE5-4002-8C0D-BB31436438FD}
		{125EBFA6-3397-4A8A-8616-C7E753147152} = {572BEB9A-56A3-40D3-9D9E-84F9410A9316}
		{40D19BA3-8007-4B4E-ACF6-49A38BA4BCA7} = {C277C7F8-AAE5-4002-8C0D-BB31436438FD}
		{62429A2D-BABF-4F2C-B7DF-8FE51FDEC589} = {572BEB9A-56A3-40D3-9D9E-84F9410A9316}
		{3FDC9889-1B57-430D-8CA0-367F782989C6} = {572BEB9A-56A3-40D3-9D9E-84F9410A9316}
		{740E9C22-F0F3-4424-8674-D2AFC8093860} = {572BEB9A-56A3-40D3-9D9E-84F9410A9316}
		{F599B2C5-CDA9-493D-8EF0-0721EB4602E4} = {572BEB9A-56A3-40D3-9D9E-84F9410A9316}
		{3B8B57DA-763B-4A13-9394-0C7100A66338} = {D256B05C-51A4-43EE-BC76-59A0E21E00EF}
		{1A479D65-90F9-4C19-8B0D-64D81D444BD8} = {572BEB9A-56A3-40D3-9D9E-84F9410A9316}
		{1390E57F-BE1E-4EBA-97AD-C8DC12C45A0A} = {572BEB9A-56A3-40D3-9D9E-84F9410A9316}
		{A95EDC14-B48F-4EB4-80D6-99A256A5ACA9} = {C277C7F8-AAE5-4002-8C0D-BB31436438FD}
		{572BEB9A-56A3-40D3-9D9E-84F9410A9316} = {48B5CF7D-25A9-46B3-90DE-EF67BB8636F9}
		{59A326E7-CEEA-402B-A95B-DD18E52E9CC9} = {48B5CF7D-25A9-46B3-90DE-EF67BB8636F9}
		{C277C7F8-AAE5-4002-8C0D-BB31436438FD} = {48B5CF7D-25A9-46B3-90DE-EF67BB8636F9}
		{D256B05C-51A4-43EE-BC76-59A0E21E00EF} = {48B5CF7D-25A9-46B3-90DE-EF67BB8636F9}
		{C58752DA-E892-4ADD-8D10-A8D4877CA5B6} = {C277C7F8-AAE5-4002-8C0D-BB31436438FD}
	EndGlobalSection
	GlobalSection(ExtensibilityGlobals) = postSolution
		SolutionGuid = {1296A1BD-7B9D-40F2-9873-972EB471C47D}
	EndGlobalSection
EndGlobal
