
Microsoft Visual Studio Solution File, Format Version 12.00
# Visual Studio Version 17
VisualStudioVersion = 17.1.31903.286
MinimumVisualStudioVersion = 10.0.40219.1
Project("{9A19103F-16F7-4668-BE54-9A1E7A4F7556}") = "Auth", "src\Auth\Auth.csproj", "{590E7C9A-87D9-4226-851F-397E5825AC89}"
EndProject
Project("{9A19103F-16F7-4668-BE54-9A1E7A4F7556}") = "Api", "src\Api\Api.csproj", "{AE2034B1-3EA8-4E83-941F-44A8B75E2B02}"
EndProject
Project("{6EC3EE1D-3C4E-46DD-8F32-0CC8E7565705}") = "ClientLogger", "src\ClientLogger\ClientLogger.fsproj", "{9814A06E-212A-4DE4-B893-212EAD9F1850}"
EndProject
Project("{9A19103F-16F7-4668-BE54-9A1E7A4F7556}") = "Persistence", "src\Persistence\Persistence.csproj", "{CE0CCF73-58A9-4CB0-AA35-3B8866EE9A9B}"
EndProject
Project("{9A19103F-16F7-4668-BE54-9A1E7A4F7556}") = "Application", "src\Application\Application.csproj", "{0460E980-3C25-4D97-A11F-03DE87434BB0}"
EndProject
Project("{9A19103F-16F7-4668-BE54-9A1E7A4F7556}") = "Api.UnitTests", "test\Api.UnitTests\Api.UnitTests.csproj", "{CE8059EA-4799-4E38-999D-BE7D599FAD04}"
EndProject
Project("{9A19103F-16F7-4668-BE54-9A1E7A4F7556}") = "Application.UnitTests", "test\Application.UnitTests\Application.UnitTests.csproj", "{9D41BEF4-4EA3-459B-B4F4-F826BA058B1D}"
EndProject
Project("{9A19103F-16F7-4668-BE54-9A1E7A4F7556}") = "Worker", "src\Worker\Worker.csproj", "{ACDE4E64-CEB1-4BD1-B894-9987EFA0F935}"
EndProject
Project("{9A19103F-16F7-4668-BE54-9A1E7A4F7556}") = "Sender", "src\Sender\Sender.csproj", "{B1D9FE08-DFFB-4F8B-9102-013139B77E7D}"
EndProject
Project("{2150E333-8FDC-42A3-9474-1A3956D46DE8}") = "test", "test", "{382B70F6-DD40-4B18-8D04-9D8813C7501E}"
EndProject
Project("{9A19103F-16F7-4668-BE54-9A1E7A4F7556}") = "Domain", "src\Domain\Domain.csproj", "{A50F7C88-8397-41E2-BE82-D5F49F8F039D}"
EndProject
Project("{9A19103F-16F7-4668-BE54-9A1E7A4F7556}") = "Infrastructure", "src\Infrastructure\Infrastructure.csproj", "{94B9AA32-4784-409B-B5C8-34C0FE45E19C}"
EndProject
Project("{2150E333-8FDC-42A3-9474-1A3956D46DE8}") = "Core", "Core", "{4D1DD8B8-7BE5-46E4-8032-9D45823E76A5}"
EndProject
Project("{2150E333-8FDC-42A3-9474-1A3956D46DE8}") = "Presentation", "Presentation", "{577BCF93-9D25-4060-A201-FA11AC92DD26}"
EndProject
Project("{2150E333-8FDC-42A3-9474-1A3956D46DE8}") = "Background", "Background", "{26D40631-7632-4B3B-89FD-77719753C04E}"
EndProject
Project("{2150E333-8FDC-42A3-9474-1A3956D46DE8}") = "Infrastructure", "Infrastructure", "{C1098B33-586C-4024-9BF4-F71CED6654D9}"
EndProject
Project("{6EC3EE1D-3C4E-46DD-8F32-0CC8E7565705}") = "Utility", "src\Utility\Utility.fsproj", "{CEE41C39-726C-45DB-9B9E-7786D25981C4}"
EndProject
Project("{2150E333-8FDC-42A3-9474-1A3956D46DE8}") = "Solution Items", "Solution Items", "{BB91D65B-985A-462E-9085-B8C32599AD08}"
	ProjectSection(SolutionItems) = preProject
		.dockerignore = .dockerignore
		.env.dev.example = .env.dev.example
		.env.prod.example = .env.prod.example
		.gitignore = .gitignore
		.github\workflows\ci.yml = .github\workflows\ci.yml
		.github\workflows\deploy.yml = .github\workflows\deploy.yml
		.github\workflows\test.yml = .github\workflows\test.yml
	EndProjectSection
EndProject
Project("{E53339B2-1760-4266-BCC7-CA923CBCF16C}") = "docker-compose", "docker-compose.dcproj", "{A1987576-C974-4672-AA1E-868237023E5F}"
EndProject
Global
	GlobalSection(SolutionConfigurationPlatforms) = preSolution
		Debug|Any CPU = Debug|Any CPU
		Release|Any CPU = Release|Any CPU
	EndGlobalSection
	GlobalSection(ProjectConfigurationPlatforms) = postSolution
		{590E7C9A-87D9-4226-851F-397E5825AC89}.Debug|Any CPU.ActiveCfg = Debug|Any CPU
		{590E7C9A-87D9-4226-851F-397E5825AC89}.Debug|Any CPU.Build.0 = Debug|Any CPU
		{590E7C9A-87D9-4226-851F-397E5825AC89}.Release|Any CPU.ActiveCfg = Release|Any CPU
		{590E7C9A-87D9-4226-851F-397E5825AC89}.Release|Any CPU.Build.0 = Release|Any CPU
		{AE2034B1-3EA8-4E83-941F-44A8B75E2B02}.Debug|Any CPU.ActiveCfg = Debug|Any CPU
		{AE2034B1-3EA8-4E83-941F-44A8B75E2B02}.Debug|Any CPU.Build.0 = Debug|Any CPU
		{AE2034B1-3EA8-4E83-941F-44A8B75E2B02}.Release|Any CPU.ActiveCfg = Release|Any CPU
		{AE2034B1-3EA8-4E83-941F-44A8B75E2B02}.Release|Any CPU.Build.0 = Release|Any CPU
		{CE0CCF73-58A9-4CB0-AA35-3B8866EE9A9B}.Debug|Any CPU.ActiveCfg = Debug|Any CPU
		{CE0CCF73-58A9-4CB0-AA35-3B8866EE9A9B}.Debug|Any CPU.Build.0 = Debug|Any CPU
		{CE0CCF73-58A9-4CB0-AA35-3B8866EE9A9B}.Release|Any CPU.ActiveCfg = Release|Any CPU
		{CE0CCF73-58A9-4CB0-AA35-3B8866EE9A9B}.Release|Any CPU.Build.0 = Release|Any CPU
		{0460E980-3C25-4D97-A11F-03DE87434BB0}.Debug|Any CPU.ActiveCfg = Debug|Any CPU
		{0460E980-3C25-4D97-A11F-03DE87434BB0}.Debug|Any CPU.Build.0 = Debug|Any CPU
		{0460E980-3C25-4D97-A11F-03DE87434BB0}.Release|Any CPU.ActiveCfg = Release|Any CPU
		{0460E980-3C25-4D97-A11F-03DE87434BB0}.Release|Any CPU.Build.0 = Release|Any CPU
		{CE8059EA-4799-4E38-999D-BE7D599FAD04}.Debug|Any CPU.ActiveCfg = Debug|Any CPU
		{CE8059EA-4799-4E38-999D-BE7D599FAD04}.Debug|Any CPU.Build.0 = Debug|Any CPU
		{CE8059EA-4799-4E38-999D-BE7D599FAD04}.Release|Any CPU.ActiveCfg = Release|Any CPU
		{CE8059EA-4799-4E38-999D-BE7D599FAD04}.Release|Any CPU.Build.0 = Release|Any CPU
		{9D41BEF4-4EA3-459B-B4F4-F826BA058B1D}.Debug|Any CPU.ActiveCfg = Debug|Any CPU
		{9D41BEF4-4EA3-459B-B4F4-F826BA058B1D}.Debug|Any CPU.Build.0 = Debug|Any CPU
		{9D41BEF4-4EA3-459B-B4F4-F826BA058B1D}.Release|Any CPU.ActiveCfg = Release|Any CPU
		{9D41BEF4-4EA3-459B-B4F4-F826BA058B1D}.Release|Any CPU.Build.0 = Release|Any CPU
		{ACDE4E64-CEB1-4BD1-B894-9987EFA0F935}.Debug|Any CPU.ActiveCfg = Debug|Any CPU
		{ACDE4E64-CEB1-4BD1-B894-9987EFA0F935}.Debug|Any CPU.Build.0 = Debug|Any CPU
		{ACDE4E64-CEB1-4BD1-B894-9987EFA0F935}.Release|Any CPU.ActiveCfg = Release|Any CPU
		{ACDE4E64-CEB1-4BD1-B894-9987EFA0F935}.Release|Any CPU.Build.0 = Release|Any CPU
		{B1D9FE08-DFFB-4F8B-9102-013139B77E7D}.Debug|Any CPU.ActiveCfg = Debug|Any CPU
		{B1D9FE08-DFFB-4F8B-9102-013139B77E7D}.Debug|Any CPU.Build.0 = Debug|Any CPU
		{B1D9FE08-DFFB-4F8B-9102-013139B77E7D}.Release|Any CPU.ActiveCfg = Release|Any CPU
		{B1D9FE08-DFFB-4F8B-9102-013139B77E7D}.Release|Any CPU.Build.0 = Release|Any CPU
		{A50F7C88-8397-41E2-BE82-D5F49F8F039D}.Debug|Any CPU.ActiveCfg = Debug|Any CPU
		{A50F7C88-8397-41E2-BE82-D5F49F8F039D}.Debug|Any CPU.Build.0 = Debug|Any CPU
		{A50F7C88-8397-41E2-BE82-D5F49F8F039D}.Release|Any CPU.ActiveCfg = Release|Any CPU
		{A50F7C88-8397-41E2-BE82-D5F49F8F039D}.Release|Any CPU.Build.0 = Release|Any CPU
		{94B9AA32-4784-409B-B5C8-34C0FE45E19C}.Debug|Any CPU.ActiveCfg = Debug|Any CPU
		{94B9AA32-4784-409B-B5C8-34C0FE45E19C}.Debug|Any CPU.Build.0 = Debug|Any CPU
		{94B9AA32-4784-409B-B5C8-34C0FE45E19C}.Release|Any CPU.ActiveCfg = Release|Any CPU
		{94B9AA32-4784-409B-B5C8-34C0FE45E19C}.Release|Any CPU.Build.0 = Release|Any CPU
		{CEE41C39-726C-45DB-9B9E-7786D25981C4}.Debug|Any CPU.ActiveCfg = Debug|Any CPU
		{CEE41C39-726C-45DB-9B9E-7786D25981C4}.Debug|Any CPU.Build.0 = Debug|Any CPU
		{CEE41C39-726C-45DB-9B9E-7786D25981C4}.Release|Any CPU.ActiveCfg = Release|Any CPU
		{CEE41C39-726C-45DB-9B9E-7786D25981C4}.Release|Any CPU.Build.0 = Release|Any CPU
		{A1987576-C974-4672-AA1E-868237023E5F}.Debug|Any CPU.ActiveCfg = Debug|Any CPU
		{A1987576-C974-4672-AA1E-868237023E5F}.Debug|Any CPU.Build.0 = Debug|Any CPU
		{A1987576-C974-4672-AA1E-868237023E5F}.Release|Any CPU.ActiveCfg = Release|Any CPU
		{A1987576-C974-4672-AA1E-868237023E5F}.Release|Any CPU.Build.0 = Release|Any CPU
		{9814A06E-212A-4DE4-B893-212EAD9F1850}.Debug|Any CPU.ActiveCfg = Debug|Any CPU
		{9814A06E-212A-4DE4-B893-212EAD9F1850}.Debug|Any CPU.Build.0 = Debug|Any CPU
		{9814A06E-212A-4DE4-B893-212EAD9F1850}.Release|Any CPU.ActiveCfg = Release|Any CPU
		{9814A06E-212A-4DE4-B893-212EAD9F1850}.Release|Any CPU.Build.0 = Release|Any CPU
	EndGlobalSection
	GlobalSection(SolutionProperties) = preSolution
		HideSolutionNode = FALSE
	EndGlobalSection
	GlobalSection(NestedProjects) = preSolution
		{590E7C9A-87D9-4226-851F-397E5825AC89} = {577BCF93-9D25-4060-A201-FA11AC92DD26}
		{AE2034B1-3EA8-4E83-941F-44A8B75E2B02} = {577BCF93-9D25-4060-A201-FA11AC92DD26}
		{CE0CCF73-58A9-4CB0-AA35-3B8866EE9A9B} = {C1098B33-586C-4024-9BF4-F71CED6654D9}
		{0460E980-3C25-4D97-A11F-03DE87434BB0} = {4D1DD8B8-7BE5-46E4-8032-9D45823E76A5}
		{CE8059EA-4799-4E38-999D-BE7D599FAD04} = {382B70F6-DD40-4B18-8D04-9D8813C7501E}
		{9D41BEF4-4EA3-459B-B4F4-F826BA058B1D} = {382B70F6-DD40-4B18-8D04-9D8813C7501E}
		{ACDE4E64-CEB1-4BD1-B894-9987EFA0F935} = {26D40631-7632-4B3B-89FD-77719753C04E}
		{B1D9FE08-DFFB-4F8B-9102-013139B77E7D} = {26D40631-7632-4B3B-89FD-77719753C04E}
		{A50F7C88-8397-41E2-BE82-D5F49F8F039D} = {4D1DD8B8-7BE5-46E4-8032-9D45823E76A5}
		{94B9AA32-4784-409B-B5C8-34C0FE45E19C} = {C1098B33-586C-4024-9BF4-F71CED6654D9}
		{CEE41C39-726C-45DB-9B9E-7786D25981C4} = {4D1DD8B8-7BE5-46E4-8032-9D45823E76A5}
		{9814A06E-212A-4DE4-B893-212EAD9F1850} = {577BCF93-9D25-4060-A201-FA11AC92DD26}
	EndGlobalSection
	GlobalSection(ExtensibilityGlobals) = postSolution
		SolutionGuid = {1296A1BD-7B9D-40F2-9873-972EB471C47D}
	EndGlobalSection
EndGlobal
