# THIS IS AN AUTOGENERATED FILE. DO NOT EDIT THIS FILE DIRECTLY.
# yarn lockfile v1


"@microsoft/signalr@^6.0.0":
  version "6.0.0"
  resolved "https://registry.yarnpkg.com/@microsoft/signalr/-/signalr-6.0.0.tgz#cb9cb166d8ee0522547e13c100a0992a1f027ce1"
  integrity sha512-Y38bG/i9V1fOfOLcfTl2+OqPH7+0A7DgojJ7YILgfQ0vGGmnZwdCtrzCvSsRIzKTIrB/ZSQ3n4BA5VOO+MFkrA==
  dependencies:
    abort-controller "^3.0.0"
    eventsource "^1.0.7"
    fetch-cookie "^0.11.0"
    node-fetch "^2.6.1"
    ws "^7.4.5"

abort-controller@^3.0.0:
  version "3.0.0"
  resolved "https://registry.yarnpkg.com/abort-controller/-/abort-controller-3.0.0.tgz#eaf54d53b62bae4138e809ca225c8439a6efb392"
  integrity sha512-h8lQ8tacZYnR3vNQTgibj+tODHI5/+l06Au2Pcriv/Gmet0eaj4TwWH41sO9wnHDiQsEj19q0drzdWdeAHtweg==
  dependencies:
    event-target-shim "^5.0.0"

acorn@^7.4.1:
  version "7.4.1"
  resolved "https://registry.yarnpkg.com/acorn/-/acorn-7.4.1.tgz#feaed255973d2e77555b83dbc08851a6c63520fa"
  integrity sha512-nQyp0o1/mNdbTO1PO6kHkwSrmgZ0MT/jCCpNiwbUjGoRN4dlBhqJtoQuCnEOKzgTVwg0ZWiCoQy6SxMebQVh8A==

aurelia-animator-css@^1.0.4:
  version "1.0.4"
  resolved "https://registry.yarnpkg.com/aurelia-animator-css/-/aurelia-animator-css-1.0.4.tgz#8336ab84f9a8bf60a4536e99145e73a80c0f0dac"
  integrity sha1-gzarhPmov2CkU26ZFF5zqAwPDaw=
  dependencies:
    aurelia-metadata "^1.0.0"
    aurelia-pal "^1.0.0"
    aurelia-templating "^1.0.0"

aurelia-binding@^2.0.0:
  version "2.5.4"
  resolved "https://registry.yarnpkg.com/aurelia-binding/-/aurelia-binding-2.5.4.tgz#c1c9221dd351bbf749df5e71aedc29b993a9ada0"
  integrity sha512-tYhYCFvQne+chO3p8KntCWj0r8oCXiCOGQ0yFbthHDBpjjTA4QlBwpGQ8nlGoGDKj7n4PoobeIjN3lEDKgKUyw==
  dependencies:
    aurelia-logging "^1.0.0"
    aurelia-metadata "^1.0.0"
    aurelia-pal "^1.0.0"
    aurelia-task-queue "^1.0.0"

aurelia-bootstrapper@^2.3.2:
  version "2.3.3"
  resolved "https://registry.yarnpkg.com/aurelia-bootstrapper/-/aurelia-bootstrapper-2.3.3.tgz#d1dc85cb5cc9566185594928e19dd26dc845c28d"
  integrity sha512-34ktKyCFAWbl4rjGSEiGNTJTk59+JMcJ+tkXElI5Gm03gOXhvDnxZl7cR3jYXakBui+rThF3i31TcASLk57oag==
  dependencies:
    aurelia-event-aggregator "^1.0.0"
    aurelia-framework "^1.3.0"
    aurelia-history "^1.1.0"
    aurelia-history-browser "^1.1.0"
    aurelia-loader-default "^1.0.0"
    aurelia-logging-console "^1.0.0"
    aurelia-pal "^1.3.0"
    aurelia-pal-browser "^1.0.0"
    aurelia-polyfills "^1.0.0"
    aurelia-router "^1.5.0"
    aurelia-templating "^1.8.1"
    aurelia-templating-binding "^1.0.0"
    aurelia-templating-resources "^1.7.0"
    aurelia-templating-router "^1.0.0"

aurelia-dependency-injection@^1.0.0, aurelia-dependency-injection@^1.3.0:
  version "1.5.2"
  resolved "https://registry.yarnpkg.com/aurelia-dependency-injection/-/aurelia-dependency-injection-1.5.2.tgz#a4a6aee8c3e480f11d84dba39fc6e615bf5f0469"
  integrity sha512-LnKgpXzKuG2A/YPGeg5OOw8zvkbvDBMRJA9QDCjZlxymsPI98dwggNSQHI8UK+hTIBqOmjjRxqdMoeROo2Gpbw==
  dependencies:
    aurelia-metadata "^1.0.0"
    aurelia-pal "^1.0.0"

aurelia-event-aggregator@^1.0.0:
  version "1.0.3"
  resolved "https://registry.yarnpkg.com/aurelia-event-aggregator/-/aurelia-event-aggregator-1.0.3.tgz#80332d539a7fb680a031c4363cb1fea5ea2b8dbd"
  integrity sha512-8fSWNCgh3gIsq/MgE+njVnUlYS05D6acyC8aJECekNWYecdBz46ckEblywP1ZNHLIt3u/Ws0oMqiOp1Jjw+0hw==
  dependencies:
    aurelia-logging "^1.0.0"

aurelia-fetch-client@^1.8.2:
  version "1.8.2"
  resolved "https://registry.yarnpkg.com/aurelia-fetch-client/-/aurelia-fetch-client-1.8.2.tgz#d1252500d06e8d5bccc3891a702c0c3184436d20"
  integrity sha512-HEQAi4CTEByesIBDqfn/YAF7ZwVQCn28npT2HknAr03orYr57klwY6y+oT3Kc1mEVe+9PU5gk2tzJiaqPXK5hw==
  dependencies:
    aurelia-pal "^1.3.0"

aurelia-framework@^1.3.0:
  version "1.3.1"
  resolved "https://registry.yarnpkg.com/aurelia-framework/-/aurelia-framework-1.3.1.tgz#4b309970936fb487677a3ed3b54bc153d3b24f62"
  integrity sha512-eKR+JnrVzYQ372pokHjfw+YfiGpFIO6yGOotGHkeLtIVZcVowX4oYe1HEkDe7/VXU3f6cDILoYkNIwrZUBij0g==
  dependencies:
    aurelia-binding "^2.0.0"
    aurelia-dependency-injection "^1.0.0"
    aurelia-loader "^1.0.0"
    aurelia-logging "^1.0.0"
    aurelia-metadata "^1.0.0"
    aurelia-pal "^1.0.0"
    aurelia-path "^1.0.0"
    aurelia-task-queue "^1.0.0"
    aurelia-templating "^1.8.1"

aurelia-history-browser@^1.1.0:
  version "1.4.0"
  resolved "https://registry.yarnpkg.com/aurelia-history-browser/-/aurelia-history-browser-1.4.0.tgz#413e0fb62cc84e78679d7157952308baa38bbd65"
  integrity sha512-cJdQmHHFMbv3U+xV1FwQVwBQZoJvCxKUh/sbSjwfBbguAqtwWQaj4TFkVe7kYcJaSXzbebbpnTUkSwOfRAojpw==
  dependencies:
    aurelia-history "^1.0.0"
    aurelia-pal "^1.0.0"

aurelia-history@^1.0.0, aurelia-history@^1.1.0:
  version "1.2.1"
  resolved "https://registry.yarnpkg.com/aurelia-history/-/aurelia-history-1.2.1.tgz#e985fab236df4fc19752dfedf25116c9f563c363"
  integrity sha512-mHRgGtOKkvSc7ggdJvQGhjERSW0X4TNasa6JojkWGz9e6swe0HpFysKyMt+Hp7jYmGgiuCcQnM09lhDU1YExPA==

aurelia-loader-default@^1.0.0:
  version "1.2.1"
  resolved "https://registry.yarnpkg.com/aurelia-loader-default/-/aurelia-loader-default-1.2.1.tgz#a6787a140095888a96fda4b1bd576c937b06bc4d"
  integrity sha512-V142AYyBFs8m+YD80wWwcjJ4E8lzIv3uAbgUCmgQuBjPxeyWEbaIzxvQvRrrHCI90L64boRNWDiU1VxKlPB1pA==
  dependencies:
    aurelia-loader "^1.0.0"
    aurelia-metadata "^1.0.0"
    aurelia-pal "^1.0.0"

aurelia-loader@^1.0.0:
  version "1.0.2"
  resolved "https://registry.yarnpkg.com/aurelia-loader/-/aurelia-loader-1.0.2.tgz#221ac3fa4fd65faf120410390a3e7de92609614e"
  integrity sha512-3owEe5Zsk8cIJG+zcxN6gzqUr2z2c+FKhtrL49e1j8vE4ccQQjXg+tvKFnfBVf3pwma6A474WsdK8poYhoVZyA==
  dependencies:
    aurelia-metadata "^1.0.0"
    aurelia-path "^1.0.0"

aurelia-logging-console@^1.0.0:
  version "1.1.1"
  resolved "https://registry.yarnpkg.com/aurelia-logging-console/-/aurelia-logging-console-1.1.1.tgz#9a9d63b7445daf6942d6142dbd1ea137f46d39ac"
  integrity sha512-fruw56b5P6qgVcbtwGok2m85hm/TI2Tt6Nzs1DOWUTnG8aeNLfCx6pRYBDZIQc/7VjX481e1tn4VqTncwXWCog==

aurelia-logging@^1.0.0:
  version "1.5.2"
  resolved "https://registry.yarnpkg.com/aurelia-logging/-/aurelia-logging-1.5.2.tgz#eddacfeded5da39808d36fd916829dd8d4c88ddd"
  integrity sha512-R0UdpGYBNSosBZ9WefmoIpgr36szFwQrRk2pbblhI+Vx911dUEEW85QXb6BRKVAP1ykz52Fuq8lCZxR6UupQXA==

aurelia-metadata@^1.0.0:
  version "1.0.7"
  resolved "https://registry.yarnpkg.com/aurelia-metadata/-/aurelia-metadata-1.0.7.tgz#7774701e1f02b5f731048d1a2bd5edb6059552d0"
  integrity sha512-6Q3VV5VvCRjvJyICESwCNSWLkaYml9PAxHo5SjzVv+HNmvFtQRKRazczwECbTD6IWiE+O90+PmamPy4Ac2YnTA==
  dependencies:
    aurelia-pal "^1.0.0"

aurelia-pal-browser@^1.0.0:
  version "1.8.1"
  resolved "https://registry.yarnpkg.com/aurelia-pal-browser/-/aurelia-pal-browser-1.8.1.tgz#0b53ca43c8fe474b849ec29495265eda1f30fc58"
  integrity sha512-wUZ/9EEaYKN7omQKESUakZO5aYrNslK1xLY3huMOpZGRsZJT6O76uPS2dDxefGWQEjUBtueMBq9Um7IcQGWXFw==
  dependencies:
    aurelia-pal "^1.4.0"

aurelia-pal@^1.0.0, aurelia-pal@^1.3.0, aurelia-pal@^1.4.0:
  version "1.8.2"
  resolved "https://registry.yarnpkg.com/aurelia-pal/-/aurelia-pal-1.8.2.tgz#9c39509ea2650291fa4bda06a4ed37d8be31f0ac"
  integrity sha512-6erozUK5aaD88PvThs/L87kLsqxqPaBU59PGECr36v9yezhve0BHqpKgbtJ8haHJSiH80K9lsJtXfefedS/3sw==

aurelia-path@^1.0.0:
  version "1.1.7"
  resolved "https://registry.yarnpkg.com/aurelia-path/-/aurelia-path-1.1.7.tgz#8eba50a45ca52dfbb3c65f0bf3a221c987602b58"
  integrity sha512-D6/Tz8jE8b2+Y8Pt6P/fxF6xfJGef+TA6YEljzo1kEzyzbxIvwfqc7pK6i/XGY3LowlumPqrhxkfMjPxLpFIcA==

aurelia-polyfills@^1.0.0:
  version "1.3.4"
  resolved "https://registry.yarnpkg.com/aurelia-polyfills/-/aurelia-polyfills-1.3.4.tgz#03b7b199457c80637e9304a538023ff95ec0a2c8"
  integrity sha512-NvOBYi4aWnxWCxfCfyW5DObggevOwfkC0riGMicgXNQg/ngpaQpFIXQgc4jMlI6jyE+/e38J36Hd9CeUcj04BA==
  dependencies:
    aurelia-pal "^1.0.0"

aurelia-route-recognizer@^1.3.2:
  version "1.3.2"
  resolved "https://registry.yarnpkg.com/aurelia-route-recognizer/-/aurelia-route-recognizer-1.3.2.tgz#b3b53deafeb9f2a90c729159cbc50d54a4017a0c"
  integrity sha512-nBlNSVmN1aX6KpzCzbISrolX8ETqt/Otet+Lp2qpI98ib9ZoSXVrFDZSgPaOSJaUs3A0r+felLSqBm3NNHqy4g==
  dependencies:
    aurelia-path "^1.0.0"

aurelia-router@^1.5.0:
  version "1.7.1"
  resolved "https://registry.yarnpkg.com/aurelia-router/-/aurelia-router-1.7.1.tgz#b9eae915d43c478d949caca1ed261afe832d5686"
  integrity sha512-P6xxikeHHzVLxpZD8tvTwGJmEHY3M1MPTiIYzk32s85scd4kQ77FgQWo77ujYNv6hjrExifLFbrxIB7pUEziIQ==
  dependencies:
    aurelia-dependency-injection "^1.0.0"
    aurelia-event-aggregator "^1.0.0"
    aurelia-history "^1.1.0"
    aurelia-logging "^1.0.0"
    aurelia-path "^1.0.0"
    aurelia-route-recognizer "^1.3.2"

aurelia-task-queue@^1.0.0, aurelia-task-queue@^1.1.0:
  version "1.3.3"
  resolved "https://registry.yarnpkg.com/aurelia-task-queue/-/aurelia-task-queue-1.3.3.tgz#f7f744bde4ffa3dddb5225bd0956a2fa53c139c5"
  integrity sha512-ua3J2YO+cZgpn1MqxPlanSDXG4SB0BXotxYDW1iL5f6AsoEvJ3BycZJYw/N9hMQKmWniOeaBr7wGQ+KDiZFywQ==
  dependencies:
    aurelia-pal "^1.0.0"

aurelia-templating-binding@^1.0.0:
  version "1.5.3"
  resolved "https://registry.yarnpkg.com/aurelia-templating-binding/-/aurelia-templating-binding-1.5.3.tgz#6ed842231f3f9dd74f2881432e80a77840066762"
  integrity sha512-HGfPfmykVdMSCb/ugfB2eQx0CmgUy0XnQOr1i3eenOW4ZN9sg7UNtxNhWorhXgKnUPf13XleA/HeIkwBnILATA==
  dependencies:
    aurelia-binding "^2.0.0"
    aurelia-logging "^1.0.0"
    aurelia-templating "^1.3.0"

aurelia-templating-resources@^1.7.0:
  version "1.13.1"
  resolved "https://registry.yarnpkg.com/aurelia-templating-resources/-/aurelia-templating-resources-1.13.1.tgz#5b76338390557678a3d46f4992ae2a48b2d1eb87"
  integrity sha512-Syr3mbHScw+ezwFBC6QGRFUy3V5JNUQfoXKxSVtnsdT/fNbUe9PQ5z8cr4slOWsX8tAN3S3+LzHqk6e5f6oqpw==
  dependencies:
    aurelia-binding "^2.0.0"
    aurelia-dependency-injection "^1.0.0"
    aurelia-loader "^1.0.0"
    aurelia-logging "^1.0.0"
    aurelia-metadata "^1.0.0"
    aurelia-pal "^1.3.0"
    aurelia-path "^1.0.0"
    aurelia-task-queue "^1.0.0"
    aurelia-templating "^1.8.1"

aurelia-templating-router@^1.0.0:
  version "1.4.0"
  resolved "https://registry.yarnpkg.com/aurelia-templating-router/-/aurelia-templating-router-1.4.0.tgz#a9bfbaf6a6ca8c30b02f4a4e874fe89c0ef9c33d"
  integrity sha512-qjVPVoDpUc9T0rHpXtevD433z+ent/n9cG2Jc1rWqVOt+3n6tGMOR+GgrZnv3q6P0DMZqy/pz6n3th5Y/aK6LA==
  dependencies:
    aurelia-binding "^2.0.0"
    aurelia-dependency-injection "^1.3.0"
    aurelia-logging "^1.0.0"
    aurelia-metadata "^1.0.0"
    aurelia-pal "^1.3.0"
    aurelia-path "^1.0.0"
    aurelia-templating "^1.8.1"

aurelia-templating@^1.0.0, aurelia-templating@^1.3.0, aurelia-templating@^1.8.1:
  version "1.10.4"
  resolved "https://registry.yarnpkg.com/aurelia-templating/-/aurelia-templating-1.10.4.tgz#d42f7d07b4c970812e6ee9e9b1bd6b3727583704"
  integrity sha512-w1AtGneeRRJJPxr7QiGwTyLOsspPSF0xg1bKJnMntVhGC265SrtEAIsF1aKXOuLVTrjhx1Vi+3xPiJ560ilwtw==
  dependencies:
    aurelia-binding "^2.0.0"
    aurelia-dependency-injection "^1.0.0"
    aurelia-loader "^1.0.0"
    aurelia-logging "^1.0.0"
    aurelia-metadata "^1.0.0"
    aurelia-pal "^1.0.0"
    aurelia-path "^1.0.0"
    aurelia-task-queue "^1.1.0"

base64-js@^1.5.1:
  version "1.5.1"
  resolved "https://registry.yarnpkg.com/base64-js/-/base64-js-1.5.1.tgz#1b1b440160a5bf7ad40b650f095963481903930a"
  integrity sha512-AKpaYlHn8t4SVbOHCy+b5+KKgvR4vrsD8vbvrbiQJps7fKDTkjkDry6ji0rUJjC0kzbNePLwzxq8iypo41qeWA==

core-js@^3.8.3:
  version "3.17.3"
  resolved "https://registry.yarnpkg.com/core-js/-/core-js-3.17.3.tgz#8e8bd20e91df9951e903cabe91f9af4a0895bc1e"
  integrity sha512-lyvajs+wd8N1hXfzob1LdOCCHFU4bGMbqqmLn1Q4QlCpDqWPpGf+p0nj+LNrvDDG33j0hZXw2nsvvVpHysxyNw==

crypto-js@^4.0.0:
  version "4.1.1"
  resolved "https://registry.yarnpkg.com/crypto-js/-/crypto-js-4.1.1.tgz#9e485bcf03521041bd85844786b83fb7619736cf"
  integrity sha512-o2JlM7ydqd3Qk9CA0L4NL6mTzU2sdx96a+oOfPu8Mkl/PK51vSyoi8/rQ8NknZtk44vq15lmhAj9CIAGwgeWKw==

event-target-shim@^5.0.0:
  version "5.0.1"
  resolved "https://registry.yarnpkg.com/event-target-shim/-/event-target-shim-5.0.1.tgz#5d4d3ebdf9583d63a5333ce2deb7480ab2b05789"
  integrity sha512-i/2XbnSz/uxRCU6+NdVJgKWDTM427+MqYbkQzD321DuCQJUqOuJKIA0IM2+W2xtYHdKOmZ4dR6fExsd4SXL+WQ==

eventsource@^1.0.7:
  version "1.1.0"
  resolved "https://registry.yarnpkg.com/eventsource/-/eventsource-1.1.0.tgz#00e8ca7c92109e94b0ddf32dac677d841028cfaf"
  integrity sha512-VSJjT5oCNrFvCS6igjzPAt5hBzQ2qPBFIbJ03zLI9SE0mxwZpMw6BfJrbFHm1a141AavMEB8JHmBhWAd66PfCg==
  dependencies:
    original "^1.0.0"

fetch-cookie@^0.11.0:
  version "0.11.0"
  resolved "https://registry.yarnpkg.com/fetch-cookie/-/fetch-cookie-0.11.0.tgz#e046d2abadd0ded5804ce7e2cae06d4331c15407"
  integrity sha512-BQm7iZLFhMWFy5CZ/162sAGjBfdNWb7a8LEqqnzsHFhxT/X/SVj/z2t2nu3aJvjlbQkrAlTUApplPRjWyH4mhA==
  dependencies:
    tough-cookie "^2.3.3 || ^3.0.1 || ^4.0.0"

node-fetch@^2.6.1:
  version "2.6.6"
  resolved "https://registry.yarnpkg.com/node-fetch/-/node-fetch-2.6.6.tgz#1751a7c01834e8e1697758732e9efb6eeadfaf89"
  integrity sha512-Z8/6vRlTUChSdIgMa51jxQ4lrw/Jy5SOW10ObaA47/RElsAN2c5Pn8bTgFGWn/ibwzXTE8qwr1Yzx28vsecXEA==
  dependencies:
    whatwg-url "^5.0.0"

oidc-client@^1.11.5:
  version "1.11.5"
  resolved "https://registry.yarnpkg.com/oidc-client/-/oidc-client-1.11.5.tgz#020aa193d68a3e1f87a24fcbf50073b738de92bb"
  integrity sha512-LcKrKC8Av0m/KD/4EFmo9Sg8fSQ+WFJWBrmtWd+tZkNn3WT/sQG3REmPANE9tzzhbjW6VkTNy4xhAXCfPApAOg==
  dependencies:
    acorn "^7.4.1"
    base64-js "^1.5.1"
    core-js "^3.8.3"
    crypto-js "^4.0.0"
    serialize-javascript "^4.0.0"

original@^1.0.0:
  version "1.0.2"
  resolved "https://registry.yarnpkg.com/original/-/original-1.0.2.tgz#e442a61cffe1c5fd20a65f3261c26663b303f25f"
  integrity sha512-hyBVl6iqqUOJ8FqRe+l/gS8H+kKYjrEndd5Pm1MfBtsEKA038HkkdbAl/72EAXGyonD/PFsvmVG+EvcIpliMBg==
  dependencies:
    url-parse "^1.4.3"

psl@^1.1.33:
  version "1.8.0"
  resolved "https://registry.yarnpkg.com/psl/-/psl-1.8.0.tgz#9326f8bcfb013adcc005fdff056acce020e51c24"
  integrity sha512-RIdOzyoavK+hA18OGGWDqUTsCLhtA7IcZ/6NCs4fFJaHBDab+pDDmDIByWFRQJq2Cd7r1OoQxBGKOaztq+hjIQ==

punycode@^2.1.1:
  version "2.1.1"
  resolved "https://registry.yarnpkg.com/punycode/-/punycode-2.1.1.tgz#b58b010ac40c22c5657616c8d2c2c02c7bf479ec"
  integrity sha512-XRsRjdf+j5ml+y/6GKHPZbrF/8p2Yga0JPtdqTIY2Xe5ohJPD9saDJJLPvp9+NSBprVvevdXZybnj2cv8OEd0A==

querystringify@^2.1.1:
  version "2.2.0"
  resolved "https://registry.yarnpkg.com/querystringify/-/querystringify-2.2.0.tgz#3345941b4153cb9d082d8eee4cda2016a9aef7f6"
  integrity sha512-FIqgj2EUvTa7R50u0rGsyTftzjYmv/a3hO345bZNrqabNqjtgiDMgmo4mkUjd+nzU5oF3dClKqFIPUKybUyqoQ==

randombytes@^2.1.0:
  version "2.1.0"
  resolved "https://registry.yarnpkg.com/randombytes/-/randombytes-2.1.0.tgz#df6f84372f0270dc65cdf6291349ab7a473d4f2a"
  integrity sha512-vYl3iOX+4CKUWuxGi9Ukhie6fsqXqS9FE2Zaic4tNFD2N2QQaXOMFbuKK4QmDHC0JO6B1Zp41J0LpT0oR68amQ==
  dependencies:
    safe-buffer "^5.1.0"

requires-port@^1.0.0:
  version "1.0.0"
  resolved "https://registry.yarnpkg.com/requires-port/-/requires-port-1.0.0.tgz#925d2601d39ac485e091cf0da5c6e694dc3dcaff"
  integrity sha1-kl0mAdOaxIXgkc8NpcbmlNw9yv8=

safe-buffer@^5.1.0:
  version "5.2.1"
  resolved "https://registry.yarnpkg.com/safe-buffer/-/safe-buffer-5.2.1.tgz#1eaf9fa9bdb1fdd4ec75f58f9cdb4e6b7827eec6"
  integrity sha512-rp3So07KcdmmKbGvgaNxQSJr7bGVSVk5S9Eq1F+ppbRo70+YeaDxkw5Dd8NPN+GD6bjnYm2VuPuCXmpuYvmCXQ==

serialize-javascript@^4.0.0:
  version "4.0.0"
  resolved "https://registry.yarnpkg.com/serialize-javascript/-/serialize-javascript-4.0.0.tgz#b525e1238489a5ecfc42afacc3fe99e666f4b1aa"
  integrity sha512-GaNA54380uFefWghODBWEGisLZFj00nS5ACs6yHa9nLqlLpVLO8ChDGeKRjZnV4Nh4n0Qi7nhYZD/9fCPzEqkw==
  dependencies:
    randombytes "^2.1.0"

"tough-cookie@^2.3.3 || ^3.0.1 || ^4.0.0":
  version "4.0.0"
  resolved "https://registry.yarnpkg.com/tough-cookie/-/tough-cookie-4.0.0.tgz#d822234eeca882f991f0f908824ad2622ddbece4"
  integrity sha512-tHdtEpQCMrc1YLrMaqXXcj6AxhYi/xgit6mZu1+EDWUn+qhUf8wMQoFIy9NXuq23zAwtcB0t/MjACGR18pcRbg==
  dependencies:
    psl "^1.1.33"
    punycode "^2.1.1"
    universalify "^0.1.2"

tr46@~0.0.3:
  version "0.0.3"
  resolved "https://registry.yarnpkg.com/tr46/-/tr46-0.0.3.tgz#8184fd347dac9cdc185992f3a6622e14b9d9ab6a"
  integrity sha1-gYT9NH2snNwYWZLzpmIuFLnZq2o=

universalify@^0.1.2:
  version "0.1.2"
  resolved "https://registry.yarnpkg.com/universalify/-/universalify-0.1.2.tgz#b646f69be3942dabcecc9d6639c80dc105efaa66"
  integrity sha512-rBJeI5CXAlmy1pV+617WB9J63U6XcazHHF2f2dbJix4XzpUF0RS3Zbj0FGIOCAva5P/d/GBOYaACQ1w+0azUkg==

url-parse@^1.4.3:
  version "1.5.7"
  resolved "https://registry.yarnpkg.com/url-parse/-/url-parse-1.5.7.tgz#00780f60dbdae90181f51ed85fb24109422c932a"
  integrity sha512-HxWkieX+STA38EDk7CE9MEryFeHCKzgagxlGvsdS7WBImq9Mk+PGwiT56w82WI3aicwJA8REp42Cxo98c8FZMA==
  dependencies:
    querystringify "^2.1.1"
    requires-port "^1.0.0"

webidl-conversions@^3.0.0:
  version "3.0.1"
  resolved "https://registry.yarnpkg.com/webidl-conversions/-/webidl-conversions-3.0.1.tgz#24534275e2a7bc6be7bc86611cc16ae0a5654871"
  integrity sha1-JFNCdeKnvGvnvIZhHMFq4KVlSHE=

whatwg-url@^5.0.0:
  version "5.0.0"
  resolved "https://registry.yarnpkg.com/whatwg-url/-/whatwg-url-5.0.0.tgz#966454e8765462e37644d3626f6742ce8b70965d"
  integrity sha1-lmRU6HZUYuN2RNNib2dCzotwll0=
  dependencies:
    tr46 "~0.0.3"
    webidl-conversions "^3.0.0"

ws@^7.4.5:
  version "7.5.6"
  resolved "https://registry.yarnpkg.com/ws/-/ws-7.5.6.tgz#e59fc509fb15ddfb65487ee9765c5a51dec5fe7b"
  integrity sha512-6GLgCqo2cy2A2rjCNFlxQS6ZljG/coZfZXclldI8FB/1G3CCI36Zd8xy2HrFVACi8tfk5XrgLQEk+P0Tnz9UcA==
