# THIS IS AN AUTOGENERATED FILE. DO NOT EDIT THIS FILE DIRECTLY.
# yarn lockfile v1


"@auth0/auth0-spa-js@^1.22.5":
  version "1.22.5"
  resolved "https://registry.yarnpkg.com/@auth0/auth0-spa-js/-/auth0-spa-js-1.22.5.tgz#e48be3a6abfa6f63ab6e4b869d04788b4f229f23"
  integrity sha512-6gaQcd+Eb8ZBcdQkrrm9undM7dY/rPvVdQN8s7rxxrviUCs7OopEygsfSkHf67IP4HtlCiE8dSW5/AipRUOw/A==
  dependencies:
    abortcontroller-polyfill "^1.7.3"
    browser-tabs-lock "^1.2.15"
    core-js "^3.25.1"
    es-cookie "~1.3.2"
    fast-text-encoding "^1.0.6"
    promise-polyfill "^8.2.3"
    unfetch "^4.2.0"

"@microsoft/signalr@^6.0.9":
  version "6.0.9"
  resolved "https://registry.yarnpkg.com/@microsoft/signalr/-/signalr-6.0.9.tgz#50f0960e2858e2c8b1656dd0810af12639302fa9"
  integrity sha512-DGVYe3ycT2PfRU7m3xCbv1HjhvClKl2VB1HyFlvf8SqBGXz3Cx+oalNWGYrGIgADA6Q2xaB4GaDmDdprTa2U0Q==
  dependencies:
    abort-controller "^3.0.0"
    eventsource "^1.0.7"
    fetch-cookie "^0.11.0"
    node-fetch "^2.6.7"
    ws "^7.4.5"

abort-controller@^3.0.0:
  version "3.0.0"
  resolved "https://registry.yarnpkg.com/abort-controller/-/abort-controller-3.0.0.tgz#eaf54d53b62bae4138e809ca225c8439a6efb392"
  integrity sha512-h8lQ8tacZYnR3vNQTgibj+tODHI5/+l06Au2Pcriv/Gmet0eaj4TwWH41sO9wnHDiQsEj19q0drzdWdeAHtweg==
  dependencies:
    event-target-shim "^5.0.0"

abortcontroller-polyfill@^1.7.3:
  version "1.7.5"
  resolved "https://registry.yarnpkg.com/abortcontroller-polyfill/-/abortcontroller-polyfill-1.7.5.tgz#6738495f4e901fbb57b6c0611d0c75f76c485bed"
  integrity sha512-JMJ5soJWP18htbbxJjG7bG6yuI6pRhgJ0scHHTfkUjf6wjP912xZWvM+A4sJK3gqd9E8fcPbDnOefbA9Th/FIQ==

autocompleter@^6.1.3:
  version "6.1.3"
  resolved "https://registry.yarnpkg.com/autocompleter/-/autocompleter-6.1.3.tgz#856e24acf3df320e6cb7f71222bf506f71d7993a"
  integrity sha512-Pjb5R5r+S0/zDFudLP9a8CW7/xMc7O/uVCtaTf3f+RdNLAQQ5oUG018c3IRdDJMRVvT+OeZ1NYQoUH5GHlORKQ==

browser-tabs-lock@^1.2.15:
  version "1.2.15"
  resolved "https://registry.yarnpkg.com/browser-tabs-lock/-/browser-tabs-lock-1.2.15.tgz#d5012e652e2a0cb4eba471b0a2300c2fa5d92788"
  integrity sha512-J8K9vdivK0Di+b8SBdE7EZxDr88TnATing7XoLw6+nFkXMQ6sVBh92K3NQvZlZU91AIkFRi0w3sztk5Z+vsswA==
  dependencies:
    lodash ">=4.17.21"

core-js@^3.25.1:
  version "3.25.5"
  resolved "https://registry.yarnpkg.com/core-js/-/core-js-3.25.5.tgz#e86f651a2ca8a0237a5f064c2fe56cef89646e27"
  integrity sha512-nbm6eZSjm+ZuBQxCUPQKQCoUEfFOXjUZ8dTTyikyKaWrTYmAVbykQfwsKE5dBK88u3QCkCrzsx/PPlKfhsvgpw==

es-cookie@~1.3.2:
  version "1.3.2"
  resolved "https://registry.yarnpkg.com/es-cookie/-/es-cookie-1.3.2.tgz#80e831597f72a25721701bdcb21d990319acd831"
  integrity sha512-UTlYYhXGLOy05P/vKVT2Ui7WtC7NiRzGtJyAKKn32g5Gvcjn7KAClLPWlipCtxIus934dFg9o9jXiBL0nP+t9Q==

event-target-shim@^5.0.0:
  version "5.0.1"
  resolved "https://registry.yarnpkg.com/event-target-shim/-/event-target-shim-5.0.1.tgz#5d4d3ebdf9583d63a5333ce2deb7480ab2b05789"
  integrity sha512-i/2XbnSz/uxRCU6+NdVJgKWDTM427+MqYbkQzD321DuCQJUqOuJKIA0IM2+W2xtYHdKOmZ4dR6fExsd4SXL+WQ==

eventsource@^1.0.7:
  version "1.1.2"
  resolved "https://registry.yarnpkg.com/eventsource/-/eventsource-1.1.2.tgz#bc75ae1c60209e7cb1541231980460343eaea7c2"
  integrity sha512-xAH3zWhgO2/3KIniEKYPr8plNSzlGINOUqYj0m0u7AB81iRw8b/3E73W6AuU+6klLbaSFmZnaETQ2lXPfAydrA==

fast-text-encoding@^1.0.6:
  version "1.0.6"
  resolved "https://registry.yarnpkg.com/fast-text-encoding/-/fast-text-encoding-1.0.6.tgz#0aa25f7f638222e3396d72bf936afcf1d42d6867"
  integrity sha512-VhXlQgj9ioXCqGstD37E/HBeqEGV/qOD/kmbVG8h5xKBYvM1L3lR1Zn4555cQ8GkYbJa8aJSipLPndE1k6zK2w==

fetch-cookie@^0.11.0:
  version "0.11.0"
  resolved "https://registry.yarnpkg.com/fetch-cookie/-/fetch-cookie-0.11.0.tgz#e046d2abadd0ded5804ce7e2cae06d4331c15407"
  integrity sha512-BQm7iZLFhMWFy5CZ/162sAGjBfdNWb7a8LEqqnzsHFhxT/X/SVj/z2t2nu3aJvjlbQkrAlTUApplPRjWyH4mhA==
  dependencies:
    tough-cookie "^2.3.3 || ^3.0.1 || ^4.0.0"

lodash@>=4.17.21:
  version "4.17.21"
  resolved "https://registry.yarnpkg.com/lodash/-/lodash-4.17.21.tgz#679591c564c3bffaae8454cf0b3df370c3d6911c"
  integrity sha512-v2kDEe57lecTulaDIuNTPy3Ry4gLGJ6Z1O3vE1krgXZNrsQ+LFTGHVxVjcXPs17LhbZVGedAJv8XZ1tvj5FvSg==

node-fetch@^2.6.7:
  version "2.6.7"
  resolved "https://registry.yarnpkg.com/node-fetch/-/node-fetch-2.6.7.tgz#24de9fba827e3b4ae44dc8b20256a379160052ad"
  integrity sha512-ZjMPFEfVx5j+y2yF35Kzx5sF7kDzxuDj6ziH4FFbOp87zKDZNx8yExJIb05OGF4Nlt9IHFIMBkRl41VdvcNdbQ==
  dependencies:
    whatwg-url "^5.0.0"

promise-polyfill@^8.2.3:
  version "8.2.3"
  resolved "https://registry.yarnpkg.com/promise-polyfill/-/promise-polyfill-8.2.3.tgz#2edc7e4b81aff781c88a0d577e5fe9da822107c6"
  integrity sha512-Og0+jCRQetV84U8wVjMNccfGCnMQ9mGs9Hv78QFe+pSDD3gWTpz0y+1QCuxy5d/vBFuZ3iwP2eycAkvqIMPmWg==

psl@^1.1.33:
  version "1.9.0"
  resolved "https://registry.yarnpkg.com/psl/-/psl-1.9.0.tgz#d0df2a137f00794565fcaf3b2c00cd09f8d5a5a7"
  integrity sha512-E/ZsdU4HLs/68gYzgGTkMicWTLPdAftJLfJFlLUAAKZGkStNU72sZjT66SnMDVOfOWY/YAoiD7Jxa9iHvngcag==

punycode@^2.1.1:
  version "2.1.1"
  resolved "https://registry.yarnpkg.com/punycode/-/punycode-2.1.1.tgz#b58b010ac40c22c5657616c8d2c2c02c7bf479ec"
  integrity sha512-XRsRjdf+j5ml+y/6GKHPZbrF/8p2Yga0JPtdqTIY2Xe5ohJPD9saDJJLPvp9+NSBprVvevdXZybnj2cv8OEd0A==

querystringify@^2.1.1:
  version "2.2.0"
  resolved "https://registry.yarnpkg.com/querystringify/-/querystringify-2.2.0.tgz#3345941b4153cb9d082d8eee4cda2016a9aef7f6"
  integrity sha512-FIqgj2EUvTa7R50u0rGsyTftzjYmv/a3hO345bZNrqabNqjtgiDMgmo4mkUjd+nzU5oF3dClKqFIPUKybUyqoQ==

requires-port@^1.0.0:
  version "1.0.0"
  resolved "https://registry.yarnpkg.com/requires-port/-/requires-port-1.0.0.tgz#925d2601d39ac485e091cf0da5c6e694dc3dcaff"
  integrity sha512-KigOCHcocU3XODJxsu8i/j8T9tzT4adHiecwORRQ0ZZFcp7ahwXuRU1m+yuO90C5ZUyGeGfocHDI14M3L3yDAQ==

"tough-cookie@^2.3.3 || ^3.0.1 || ^4.0.0":
  version "4.1.2"
  resolved "https://registry.yarnpkg.com/tough-cookie/-/tough-cookie-4.1.2.tgz#e53e84b85f24e0b65dd526f46628db6c85f6b874"
  integrity sha512-G9fqXWoYFZgTc2z8Q5zaHy/vJMjm+WV0AkAeHxVCQiEB1b+dGvWzFW6QV07cY5jQ5gRkeid2qIkzkxUnmoQZUQ==
  dependencies:
    psl "^1.1.33"
    punycode "^2.1.1"
    universalify "^0.2.0"
    url-parse "^1.5.3"

tr46@~0.0.3:
  version "0.0.3"
  resolved "https://registry.yarnpkg.com/tr46/-/tr46-0.0.3.tgz#8184fd347dac9cdc185992f3a6622e14b9d9ab6a"
  integrity sha512-N3WMsuqV66lT30CrXNbEjx4GEwlow3v6rr4mCcv6prnfwhS01rkgyFdjPNBYd9br7LpXV1+Emh01fHnq2Gdgrw==

unfetch@^4.2.0:
  version "4.2.0"
  resolved "https://registry.yarnpkg.com/unfetch/-/unfetch-4.2.0.tgz#7e21b0ef7d363d8d9af0fb929a5555f6ef97a3be"
  integrity sha512-F9p7yYCn6cIW9El1zi0HI6vqpeIvBsr3dSuRO6Xuppb1u5rXpCPmMvLSyECLhybr9isec8Ohl0hPekMVrEinDA==

universalify@^0.2.0:
  version "0.2.0"
  resolved "https://registry.yarnpkg.com/universalify/-/universalify-0.2.0.tgz#6451760566fa857534745ab1dde952d1b1761be0"
  integrity sha512-CJ1QgKmNg3CwvAv/kOFmtnEN05f0D/cn9QntgNOQlQF9dgvVTHj3t+8JPdjqawCHk7V/KA+fbUqzZ9XWhcqPUg==

url-parse@^1.5.3:
  version "1.5.10"
  resolved "https://registry.yarnpkg.com/url-parse/-/url-parse-1.5.10.tgz#9d3c2f736c1d75dd3bd2be507dcc111f1e2ea9c1"
  integrity sha512-WypcfiRhfeUP9vvF0j6rw0J3hrWrw6iZv3+22h6iRMJ/8z1Tj6XfLP4DsUix5MhMPnXpiHDoKyoZ/bdCkwBCiQ==
  dependencies:
    querystringify "^2.1.1"
    requires-port "^1.0.0"

webidl-conversions@^3.0.0:
  version "3.0.1"
  resolved "https://registry.yarnpkg.com/webidl-conversions/-/webidl-conversions-3.0.1.tgz#24534275e2a7bc6be7bc86611cc16ae0a5654871"
  integrity sha512-2JAn3z8AR6rjK8Sm8orRC0h/bcl/DqL7tRPdGZ4I1CjdF+EaMLmYxBHyXuKL849eucPFhvBoxMsflfOb8kxaeQ==

whatwg-url@^5.0.0:
  version "5.0.0"
  resolved "https://registry.yarnpkg.com/whatwg-url/-/whatwg-url-5.0.0.tgz#966454e8765462e37644d3626f6742ce8b70965d"
  integrity sha512-saE57nupxk6v3HY35+jzBwYa0rKSy0XR8JSxZPwgLr7ys0IBzhGviA1/TUGJLmSVqs8pb9AnvICXEuOHLprYTw==
  dependencies:
    tr46 "~0.0.3"
    webidl-conversions "^3.0.0"

ws@^7.4.5:
  version "7.5.9"
  resolved "https://registry.yarnpkg.com/ws/-/ws-7.5.9.tgz#54fa7db29f4c7cec68b1ddd3a89de099942bb591"
  integrity sha512-F+P9Jil7UiSKSkppIiD94dN07AwvFixvLIj1Og1Rl9GGMuNipJnV9JzjD6XuqmAeiswGvUmNLjr5cFuXwNS77Q==
